// !$*UTF8*$!
{
	archiveVersion = 1;
	classes = {
	};
	objectVersion = 46;
	objects = {

/* Begin PBXAggregateTarget section */
		"testkit::TestKitPackageTests::ProductTarget" /* TestKitPackageTests */ = {
			isa = PBXAggregateTarget;
			buildConfigurationList = OBJ_144 /* Build configuration list for PBXAggregateTarget "TestKitPackageTests" */;
			buildPhases = (
			);
			dependencies = (
				OBJ_147 /* PBXTargetDependency */,
			);
			name = TestKitPackageTests;
			productName = TestKitPackageTests;
		};
/* End PBXAggregateTarget section */

/* Begin PBXBuildFile section */
		8E2176272868E140008DD163 /* AppDelegate.swift in Sources */ = {isa = PBXBuildFile; fileRef = 8E2176262868E140008DD163 /* AppDelegate.swift */; };
		8E21762E2868E140008DD163 /* Main.storyboard in Resources */ = {isa = PBXBuildFile; fileRef = 8E21762C2868E140008DD163 /* Main.storyboard */; };
		8E2176302868E142008DD163 /* Assets.xcassets in Resources */ = {isa = PBXBuildFile; fileRef = 8E21762F2868E142008DD163 /* Assets.xcassets */; };
		8E2176332868E142008DD163 /* LaunchScreen.storyboard in Resources */ = {isa = PBXBuildFile; fileRef = 8E2176312868E142008DD163 /* LaunchScreen.storyboard */; };
		8E2176772868E197008DD163 /* ViewControllerWithWebView.swift in Sources */ = {isa = PBXBuildFile; fileRef = 8E2176572868E197008DD163 /* ViewControllerWithWebView.swift */; };
		8E2176782868E197008DD163 /* ViewControllerWithSlider.swift in Sources */ = {isa = PBXBuildFile; fileRef = 8E2176582868E197008DD163 /* ViewControllerWithSlider.swift */; };
		8E2176792868E197008DD163 /* ViewControllerWithSecuredTextField.swift in Sources */ = {isa = PBXBuildFile; fileRef = 8E2176592868E197008DD163 /* ViewControllerWithSecuredTextField.swift */; };
		8E21767A2868E197008DD163 /* ViewControllerWithMap.swift in Sources */ = {isa = PBXBuildFile; fileRef = 8E21765A2868E197008DD163 /* ViewControllerWithMap.swift */; };
		8E21767B2868E197008DD163 /* ViewControllerWithLink.swift in Sources */ = {isa = PBXBuildFile; fileRef = 8E21765B2868E197008DD163 /* ViewControllerWithLink.swift */; };
		8E21767C2868E197008DD163 /* ViewControllerWithUIControl.swift in Sources */ = {isa = PBXBuildFile; fileRef = 8E21765C2868E197008DD163 /* ViewControllerWithUIControl.swift */; };
		8E21767D2868E197008DD163 /* ViewControllerWithImage.swift in Sources */ = {isa = PBXBuildFile; fileRef = 8E21765D2868E197008DD163 /* ViewControllerWithImage.swift */; };
		8E21767E2868E197008DD163 /* ViewControllerWithSwitch.swift in Sources */ = {isa = PBXBuildFile; fileRef = 8E21765E2868E197008DD163 /* ViewControllerWithSwitch.swift */; };
		8E21767F2868E197008DD163 /* HomePageTypeEnum.swift in Sources */ = {isa = PBXBuildFile; fileRef = 8E21765F2868E197008DD163 /* HomePageTypeEnum.swift */; };
		8E2176802868E197008DD163 /* ViewControllerWithAlert.swift in Sources */ = {isa = PBXBuildFile; fileRef = 8E2176602868E197008DD163 /* ViewControllerWithAlert.swift */; };
		8E2176812868E197008DD163 /* ViewControllerWithButton.swift in Sources */ = {isa = PBXBuildFile; fileRef = 8E2176612868E197008DD163 /* ViewControllerWithButton.swift */; };
		8E2176822868E197008DD163 /* ViewControllerWithTableView.swift in Sources */ = {isa = PBXBuildFile; fileRef = 8E2176622868E197008DD163 /* ViewControllerWithTableView.swift */; };
		8E2176832868E197008DD163 /* ViewControllerWithStepper.swift in Sources */ = {isa = PBXBuildFile; fileRef = 8E2176632868E197008DD163 /* ViewControllerWithStepper.swift */; };
		8E2176842868E197008DD163 /* ViewControllerWithLabel.swift in Sources */ = {isa = PBXBuildFile; fileRef = 8E2176642868E197008DD163 /* ViewControllerWithLabel.swift */; };
		8E2176852868E197008DD163 /* ViewControllerWithTextField.swift in Sources */ = {isa = PBXBuildFile; fileRef = 8E2176652868E197008DD163 /* ViewControllerWithTextField.swift */; };
		8E2176862868E197008DD163 /* ViewControllerWithNavigationBar.swift in Sources */ = {isa = PBXBuildFile; fileRef = 8E2176662868E197008DD163 /* ViewControllerWithNavigationBar.swift */; };
		8E2176872868E197008DD163 /* DefaultViewController.swift in Sources */ = {isa = PBXBuildFile; fileRef = 8E2176672868E197008DD163 /* DefaultViewController.swift */; };
		8E2176882868E197008DD163 /* ViewControllerWithScrollView.swift in Sources */ = {isa = PBXBuildFile; fileRef = 8E2176682868E197008DD163 /* ViewControllerWithScrollView.swift */; };
		8E2176892868E197008DD163 /* ViewControllerWithView.swift in Sources */ = {isa = PBXBuildFile; fileRef = 8E2176692868E197008DD163 /* ViewControllerWithView.swift */; };
		8E21768A2868E197008DD163 /* ViewControllerWithToolbar.swift in Sources */ = {isa = PBXBuildFile; fileRef = 8E21766A2868E197008DD163 /* ViewControllerWithToolbar.swift */; };
		8E21768B2868E197008DD163 /* ViewControllerWithActionSheet.swift in Sources */ = {isa = PBXBuildFile; fileRef = 8E21766B2868E197008DD163 /* ViewControllerWithActionSheet.swift */; };
		8E21768C2868E197008DD163 /* ViewControllerWithTabBar.swift in Sources */ = {isa = PBXBuildFile; fileRef = 8E21766C2868E197008DD163 /* ViewControllerWithTabBar.swift */; };
		8E21768D2868E197008DD163 /* ViewControllerWithCollectionView.swift in Sources */ = {isa = PBXBuildFile; fileRef = 8E21766D2868E197008DD163 /* ViewControllerWithCollectionView.swift */; };
		8E21768E2868E197008DD163 /* ViewControllerWithActivityIndicator.swift in Sources */ = {isa = PBXBuildFile; fileRef = 8E21766E2868E197008DD163 /* ViewControllerWithActivityIndicator.swift */; };
		8E21768F2868E197008DD163 /* ViewControllerWithTextView.swift in Sources */ = {isa = PBXBuildFile; fileRef = 8E21766F2868E197008DD163 /* ViewControllerWithTextView.swift */; };
		8E2176902868E197008DD163 /* ViewControllerWithSearchBar.swift in Sources */ = {isa = PBXBuildFile; fileRef = 8E2176702868E197008DD163 /* ViewControllerWithSearchBar.swift */; };
		8E2176912868E197008DD163 /* ViewControllerWithPicker.swift in Sources */ = {isa = PBXBuildFile; fileRef = 8E2176712868E197008DD163 /* ViewControllerWithPicker.swift */; };
		8E2176922868E197008DD163 /* ViewControllerWithPageIndicator.swift in Sources */ = {isa = PBXBuildFile; fileRef = 8E2176722868E197008DD163 /* ViewControllerWithPageIndicator.swift */; };
		8E2176932868E197008DD163 /* ViewControllerWithProgressView.swift in Sources */ = {isa = PBXBuildFile; fileRef = 8E2176732868E197008DD163 /* ViewControllerWithProgressView.swift */; };
		8E2176942868E197008DD163 /* ViewControllerWithSegmentedControl.swift in Sources */ = {isa = PBXBuildFile; fileRef = 8E2176742868E197008DD163 /* ViewControllerWithSegmentedControl.swift */; };
		8E2176952868E197008DD163 /* ViewControllerWithCustomPickerView.swift in Sources */ = {isa = PBXBuildFile; fileRef = 8E2176752868E197008DD163 /* ViewControllerWithCustomPickerView.swift */; };
		8E2176962868E197008DD163 /* ViewControllerWithDatePicker.swift in Sources */ = {isa = PBXBuildFile; fileRef = 8E2176762868E197008DD163 /* ViewControllerWithDatePicker.swift */; };
		8E21769A2868E19F008DD163 /* sample_html.html in Resources */ = {isa = PBXBuildFile; fileRef = 8E2176982868E19F008DD163 /* sample_html.html */; };
		8E21769B2868E19F008DD163 /* sample_2.html in Resources */ = {isa = PBXBuildFile; fileRef = 8E2176992868E19F008DD163 /* sample_2.html */; };
		8E21769D2868E1EB008DD163 /* TestKit.framework in Frameworks */ = {isa = PBXBuildFile; fileRef = "testkit::TestKit::Product" /* TestKit.framework */; };
		8E21770D2868E220008DD163 /* LBCUISuccessDatePickerTimeTests.swift in Sources */ = {isa = PBXBuildFile; fileRef = 8E2176A02868E220008DD163 /* LBCUISuccessDatePickerTimeTests.swift */; };
		8E21770E2868E220008DD163 /* LBCUIFailureDatePickerTimeTests.swift in Sources */ = {isa = PBXBuildFile; fileRef = 8E2176A12868E220008DD163 /* LBCUIFailureDatePickerTimeTests.swift */; };
		8E2177112868E220008DD163 /* LBCUITestCase.swift in Sources */ = {isa = PBXBuildFile; fileRef = 8E2176A52868E220008DD163 /* LBCUITestCase.swift */; };
		8E2177282868E221008DD163 /* LBCUITesterTests.swift in Sources */ = {isa = PBXBuildFile; fileRef = 8E2176C72868E220008DD163 /* LBCUITesterTests.swift */; };
		8E2177572868E28D008DD163 /* HomePageTypeEnum.swift in Sources */ = {isa = PBXBuildFile; fileRef = 8E21765F2868E197008DD163 /* HomePageTypeEnum.swift */; };
		OBJ_100 /* LBCAlertTester.swift in Sources */ = {isa = PBXBuildFile; fileRef = OBJ_33 /* LBCAlertTester.swift */; };
		OBJ_101 /* LBCButtonTester.swift in Sources */ = {isa = PBXBuildFile; fileRef = OBJ_34 /* LBCButtonTester.swift */; };
		OBJ_102 /* LBCCellTester.swift in Sources */ = {isa = PBXBuildFile; fileRef = OBJ_35 /* LBCCellTester.swift */; };
		OBJ_103 /* LBCCollectionViewTester.swift in Sources */ = {isa = PBXBuildFile; fileRef = OBJ_36 /* LBCCollectionViewTester.swift */; };
		OBJ_104 /* LBCDatePickerCountDownTimerTester.swift in Sources */ = {isa = PBXBuildFile; fileRef = OBJ_37 /* LBCDatePickerCountDownTimerTester.swift */; };
		OBJ_105 /* LBCDatePickerDateAndTimeTester.swift in Sources */ = {isa = PBXBuildFile; fileRef = OBJ_38 /* LBCDatePickerDateAndTimeTester.swift */; };
		OBJ_106 /* LBCDatePickerDateTypeTester.swift in Sources */ = {isa = PBXBuildFile; fileRef = OBJ_39 /* LBCDatePickerDateTypeTester.swift */; };
		OBJ_107 /* LBCDatePickerTimeTester.swift in Sources */ = {isa = PBXBuildFile; fileRef = OBJ_40 /* LBCDatePickerTimeTester.swift */; };
		OBJ_108 /* LBCImageTester.swift in Sources */ = {isa = PBXBuildFile; fileRef = OBJ_41 /* LBCImageTester.swift */; };
		OBJ_109 /* LBCLabelTester.swift in Sources */ = {isa = PBXBuildFile; fileRef = OBJ_42 /* LBCLabelTester.swift */; };
		OBJ_110 /* LBCLinkTester.swift in Sources */ = {isa = PBXBuildFile; fileRef = OBJ_43 /* LBCLinkTester.swift */; };
		OBJ_111 /* LBCMapTester.swift in Sources */ = {isa = PBXBuildFile; fileRef = OBJ_44 /* LBCMapTester.swift */; };
		OBJ_112 /* LBCNavigationBarButtonTester.swift in Sources */ = {isa = PBXBuildFile; fileRef = OBJ_45 /* LBCNavigationBarButtonTester.swift */; };
		OBJ_113 /* LBCNavigationBarTester.swift in Sources */ = {isa = PBXBuildFile; fileRef = OBJ_46 /* LBCNavigationBarTester.swift */; };
		OBJ_114 /* LBCPageIndicatorTester.swift in Sources */ = {isa = PBXBuildFile; fileRef = OBJ_47 /* LBCPageIndicatorTester.swift */; };
		OBJ_115 /* LBCPickerTester.swift in Sources */ = {isa = PBXBuildFile; fileRef = OBJ_48 /* LBCPickerTester.swift */; };
		OBJ_116 /* LBCProgressIndicatorTester.swift in Sources */ = {isa = PBXBuildFile; fileRef = OBJ_49 /* LBCProgressIndicatorTester.swift */; };
		OBJ_117 /* LBCScrollBarTester.swift in Sources */ = {isa = PBXBuildFile; fileRef = OBJ_50 /* LBCScrollBarTester.swift */; };
		OBJ_118 /* LBCScrollViewTester.swift in Sources */ = {isa = PBXBuildFile; fileRef = OBJ_51 /* LBCScrollViewTester.swift */; };
		OBJ_119 /* LBCSearchBarTester.swift in Sources */ = {isa = PBXBuildFile; fileRef = OBJ_52 /* LBCSearchBarTester.swift */; };
		OBJ_120 /* LBCSecuredTextFieldTester.swift in Sources */ = {isa = PBXBuildFile; fileRef = OBJ_53 /* LBCSecuredTextFieldTester.swift */; };
		OBJ_121 /* LBCSegmentedControlTester.swift in Sources */ = {isa = PBXBuildFile; fileRef = OBJ_54 /* LBCSegmentedControlTester.swift */; };
		OBJ_122 /* LBCSliderTester.swift in Sources */ = {isa = PBXBuildFile; fileRef = OBJ_55 /* LBCSliderTester.swift */; };
		OBJ_123 /* LBCStepperTester.swift in Sources */ = {isa = PBXBuildFile; fileRef = OBJ_56 /* LBCStepperTester.swift */; };
		OBJ_124 /* LBCSwitchTester.swift in Sources */ = {isa = PBXBuildFile; fileRef = OBJ_57 /* LBCSwitchTester.swift */; };
		OBJ_125 /* LBCTabBarItemTester.swift in Sources */ = {isa = PBXBuildFile; fileRef = OBJ_58 /* LBCTabBarItemTester.swift */; };
		OBJ_126 /* LBCTabBarTester.swift in Sources */ = {isa = PBXBuildFile; fileRef = OBJ_59 /* LBCTabBarTester.swift */; };
		OBJ_127 /* LBCTableViewTester.swift in Sources */ = {isa = PBXBuildFile; fileRef = OBJ_60 /* LBCTableViewTester.swift */; };
		OBJ_128 /* LBCTextFieldTester.swift in Sources */ = {isa = PBXBuildFile; fileRef = OBJ_61 /* LBCTextFieldTester.swift */; };
		OBJ_129 /* LBCTextViewTester.swift in Sources */ = {isa = PBXBuildFile; fileRef = OBJ_62 /* LBCTextViewTester.swift */; };
		OBJ_130 /* LBCToolbarButtonTester.swift in Sources */ = {isa = PBXBuildFile; fileRef = OBJ_63 /* LBCToolbarButtonTester.swift */; };
		OBJ_131 /* LBCToolbarTester.swift in Sources */ = {isa = PBXBuildFile; fileRef = OBJ_64 /* LBCToolbarTester.swift */; };
		OBJ_132 /* LBCUIElementTester.swift in Sources */ = {isa = PBXBuildFile; fileRef = OBJ_65 /* LBCUIElementTester.swift */; };
		OBJ_133 /* LBCViewTester.swift in Sources */ = {isa = PBXBuildFile; fileRef = OBJ_66 /* LBCViewTester.swift */; };
		OBJ_134 /* LBCWebViewTester.swift in Sources */ = {isa = PBXBuildFile; fileRef = OBJ_67 /* LBCWebViewTester.swift */; };
		OBJ_135 /* LBCTestTimeout.swift in Sources */ = {isa = PBXBuildFile; fileRef = OBJ_69 /* LBCTestTimeout.swift */; };
		OBJ_142 /* Package.swift in Sources */ = {isa = PBXBuildFile; fileRef = OBJ_6 /* Package.swift */; };
		OBJ_153 /* LBCTestTimeoutTests.swift in Sources */ = {isa = PBXBuildFile; fileRef = OBJ_72 /* LBCTestTimeoutTests.swift */; };
		OBJ_155 /* TestKit.framework in Frameworks */ = {isa = PBXBuildFile; fileRef = "testkit::TestKit::Product" /* TestKit.framework */; };
		OBJ_82 /* String+Extensions.swift in Sources */ = {isa = PBXBuildFile; fileRef = OBJ_10 /* String+Extensions.swift */; };
		OBJ_83 /* XCUIElement+Extensions.swift in Sources */ = {isa = PBXBuildFile; fileRef = OBJ_11 /* XCUIElement+Extensions.swift */; };
		OBJ_84 /* LBCUITestCaseHelper.swift in Sources */ = {isa = PBXBuildFile; fileRef = OBJ_13 /* LBCUITestCaseHelper.swift */; };
		OBJ_85 /* LBCUIElementCellState.swift in Sources */ = {isa = PBXBuildFile; fileRef = OBJ_15 /* LBCUIElementCellState.swift */; };
		OBJ_86 /* LBCUIElementCellSwipeDirection.swift in Sources */ = {isa = PBXBuildFile; fileRef = OBJ_16 /* LBCUIElementCellSwipeDirection.swift */; };
		OBJ_87 /* LBCUIElementDateComponent.swift in Sources */ = {isa = PBXBuildFile; fileRef = OBJ_17 /* LBCUIElementDateComponent.swift */; };
		OBJ_88 /* LBCUIElementSwipeDirection.swift in Sources */ = {isa = PBXBuildFile; fileRef = OBJ_18 /* LBCUIElementSwipeDirection.swift */; };
		OBJ_89 /* LBCUIElementTapPosition.swift in Sources */ = {isa = PBXBuildFile; fileRef = OBJ_19 /* LBCUIElementTapPosition.swift */; };
		OBJ_90 /* LBCUIElementViewState.swift in Sources */ = {isa = PBXBuildFile; fileRef = OBJ_20 /* LBCUIElementViewState.swift */; };
		OBJ_91 /* LBCUITypeAliases.swift in Sources */ = {isa = PBXBuildFile; fileRef = OBJ_21 /* LBCUITypeAliases.swift */; };
		OBJ_92 /* LBCScrollableTesterProtocol.swift in Sources */ = {isa = PBXBuildFile; fileRef = OBJ_23 /* LBCScrollableTesterProtocol.swift */; };
		OBJ_93 /* LBCUIElementProvider.swift in Sources */ = {isa = PBXBuildFile; fileRef = OBJ_24 /* LBCUIElementProvider.swift */; };
		OBJ_94 /* LBCUITesterProtocols.swift in Sources */ = {isa = PBXBuildFile; fileRef = OBJ_25 /* LBCUITesterProtocols.swift */; };
		OBJ_95 /* LBCDefaultTester.swift in Sources */ = {isa = PBXBuildFile; fileRef = OBJ_27 /* LBCDefaultTester.swift */; };
		OBJ_96 /* LBCUITester.swift in Sources */ = {isa = PBXBuildFile; fileRef = OBJ_28 /* LBCUITester.swift */; };
		OBJ_97 /* LBCUITesterHelper.swift in Sources */ = {isa = PBXBuildFile; fileRef = OBJ_29 /* LBCUITesterHelper.swift */; };
		OBJ_98 /* LBCActionSheetTester.swift in Sources */ = {isa = PBXBuildFile; fileRef = OBJ_31 /* LBCActionSheetTester.swift */; };
		OBJ_99 /* LBCActivityIndicatorTester.swift in Sources */ = {isa = PBXBuildFile; fileRef = OBJ_32 /* LBCActivityIndicatorTester.swift */; };
/* End PBXBuildFile section */

/* Begin PBXContainerItemProxy section */
		8E21761E2868DFC4008DD163 /* PBXContainerItemProxy */ = {
			isa = PBXContainerItemProxy;
			containerPortal = OBJ_1 /* Project object */;
			proxyType = 1;
			remoteGlobalIDString = "testkit::TestKit";
			remoteInfo = TestKit;
		};
		8E21761F2868DFC5008DD163 /* PBXContainerItemProxy */ = {
			isa = PBXContainerItemProxy;
			containerPortal = OBJ_1 /* Project object */;
			proxyType = 1;
			remoteGlobalIDString = "testkit::TestKitTests";
			remoteInfo = TestKitTests;
		};
		8E2176442868E143008DD163 /* PBXContainerItemProxy */ = {
			isa = PBXContainerItemProxy;
			containerPortal = OBJ_1 /* Project object */;
			proxyType = 1;
			remoteGlobalIDString = 8E2176232868E140008DD163;
			remoteInfo = TestKitDemo;
		};
/* End PBXContainerItemProxy section */

/* Begin PBXFileReference section */
		8E2176242868E140008DD163 /* TestKitDemo.app */ = {isa = PBXFileReference; explicitFileType = wrapper.application; includeInIndex = 0; path = TestKitDemo.app; sourceTree = BUILT_PRODUCTS_DIR; };
		8E2176262868E140008DD163 /* AppDelegate.swift */ = {isa = PBXFileReference; lastKnownFileType = sourcecode.swift; path = AppDelegate.swift; sourceTree = "<group>"; };
		8E21762D2868E140008DD163 /* Base */ = {isa = PBXFileReference; lastKnownFileType = file.storyboard; name = Base; path = Base.lproj/Main.storyboard; sourceTree = "<group>"; };
		8E21762F2868E142008DD163 /* Assets.xcassets */ = {isa = PBXFileReference; lastKnownFileType = folder.assetcatalog; path = Assets.xcassets; sourceTree = "<group>"; };
		8E2176322868E142008DD163 /* Base */ = {isa = PBXFileReference; lastKnownFileType = file.storyboard; name = Base; path = Base.lproj/LaunchScreen.storyboard; sourceTree = "<group>"; };
		8E2176342868E142008DD163 /* Info.plist */ = {isa = PBXFileReference; lastKnownFileType = text.plist.xml; path = Info.plist; sourceTree = "<group>"; };
		8E2176432868E143008DD163 /* TestKitDemoUITests.xctest */ = {isa = PBXFileReference; explicitFileType = wrapper.cfbundle; includeInIndex = 0; path = TestKitDemoUITests.xctest; sourceTree = BUILT_PRODUCTS_DIR; };
		8E2176572868E197008DD163 /* ViewControllerWithWebView.swift */ = {isa = PBXFileReference; fileEncoding = 4; lastKnownFileType = sourcecode.swift; path = ViewControllerWithWebView.swift; sourceTree = "<group>"; };
		8E2176582868E197008DD163 /* ViewControllerWithSlider.swift */ = {isa = PBXFileReference; fileEncoding = 4; lastKnownFileType = sourcecode.swift; path = ViewControllerWithSlider.swift; sourceTree = "<group>"; };
		8E2176592868E197008DD163 /* ViewControllerWithSecuredTextField.swift */ = {isa = PBXFileReference; fileEncoding = 4; lastKnownFileType = sourcecode.swift; path = ViewControllerWithSecuredTextField.swift; sourceTree = "<group>"; };
		8E21765A2868E197008DD163 /* ViewControllerWithMap.swift */ = {isa = PBXFileReference; fileEncoding = 4; lastKnownFileType = sourcecode.swift; path = ViewControllerWithMap.swift; sourceTree = "<group>"; };
		8E21765B2868E197008DD163 /* ViewControllerWithLink.swift */ = {isa = PBXFileReference; fileEncoding = 4; lastKnownFileType = sourcecode.swift; path = ViewControllerWithLink.swift; sourceTree = "<group>"; };
		8E21765C2868E197008DD163 /* ViewControllerWithUIControl.swift */ = {isa = PBXFileReference; fileEncoding = 4; lastKnownFileType = sourcecode.swift; path = ViewControllerWithUIControl.swift; sourceTree = "<group>"; };
		8E21765D2868E197008DD163 /* ViewControllerWithImage.swift */ = {isa = PBXFileReference; fileEncoding = 4; lastKnownFileType = sourcecode.swift; path = ViewControllerWithImage.swift; sourceTree = "<group>"; };
		8E21765E2868E197008DD163 /* ViewControllerWithSwitch.swift */ = {isa = PBXFileReference; fileEncoding = 4; lastKnownFileType = sourcecode.swift; path = ViewControllerWithSwitch.swift; sourceTree = "<group>"; };
		8E21765F2868E197008DD163 /* HomePageTypeEnum.swift */ = {isa = PBXFileReference; fileEncoding = 4; lastKnownFileType = sourcecode.swift; path = HomePageTypeEnum.swift; sourceTree = "<group>"; };
		8E2176602868E197008DD163 /* ViewControllerWithAlert.swift */ = {isa = PBXFileReference; fileEncoding = 4; lastKnownFileType = sourcecode.swift; path = ViewControllerWithAlert.swift; sourceTree = "<group>"; };
		8E2176612868E197008DD163 /* ViewControllerWithButton.swift */ = {isa = PBXFileReference; fileEncoding = 4; lastKnownFileType = sourcecode.swift; path = ViewControllerWithButton.swift; sourceTree = "<group>"; };
		8E2176622868E197008DD163 /* ViewControllerWithTableView.swift */ = {isa = PBXFileReference; fileEncoding = 4; lastKnownFileType = sourcecode.swift; path = ViewControllerWithTableView.swift; sourceTree = "<group>"; };
		8E2176632868E197008DD163 /* ViewControllerWithStepper.swift */ = {isa = PBXFileReference; fileEncoding = 4; lastKnownFileType = sourcecode.swift; path = ViewControllerWithStepper.swift; sourceTree = "<group>"; };
		8E2176642868E197008DD163 /* ViewControllerWithLabel.swift */ = {isa = PBXFileReference; fileEncoding = 4; lastKnownFileType = sourcecode.swift; path = ViewControllerWithLabel.swift; sourceTree = "<group>"; };
		8E2176652868E197008DD163 /* ViewControllerWithTextField.swift */ = {isa = PBXFileReference; fileEncoding = 4; lastKnownFileType = sourcecode.swift; path = ViewControllerWithTextField.swift; sourceTree = "<group>"; };
		8E2176662868E197008DD163 /* ViewControllerWithNavigationBar.swift */ = {isa = PBXFileReference; fileEncoding = 4; lastKnownFileType = sourcecode.swift; path = ViewControllerWithNavigationBar.swift; sourceTree = "<group>"; };
		8E2176672868E197008DD163 /* DefaultViewController.swift */ = {isa = PBXFileReference; fileEncoding = 4; lastKnownFileType = sourcecode.swift; path = DefaultViewController.swift; sourceTree = "<group>"; };
		8E2176682868E197008DD163 /* ViewControllerWithScrollView.swift */ = {isa = PBXFileReference; fileEncoding = 4; lastKnownFileType = sourcecode.swift; path = ViewControllerWithScrollView.swift; sourceTree = "<group>"; };
		8E2176692868E197008DD163 /* ViewControllerWithView.swift */ = {isa = PBXFileReference; fileEncoding = 4; lastKnownFileType = sourcecode.swift; path = ViewControllerWithView.swift; sourceTree = "<group>"; };
		8E21766A2868E197008DD163 /* ViewControllerWithToolbar.swift */ = {isa = PBXFileReference; fileEncoding = 4; lastKnownFileType = sourcecode.swift; path = ViewControllerWithToolbar.swift; sourceTree = "<group>"; };
		8E21766B2868E197008DD163 /* ViewControllerWithActionSheet.swift */ = {isa = PBXFileReference; fileEncoding = 4; lastKnownFileType = sourcecode.swift; path = ViewControllerWithActionSheet.swift; sourceTree = "<group>"; };
		8E21766C2868E197008DD163 /* ViewControllerWithTabBar.swift */ = {isa = PBXFileReference; fileEncoding = 4; lastKnownFileType = sourcecode.swift; path = ViewControllerWithTabBar.swift; sourceTree = "<group>"; };
		8E21766D2868E197008DD163 /* ViewControllerWithCollectionView.swift */ = {isa = PBXFileReference; fileEncoding = 4; lastKnownFileType = sourcecode.swift; path = ViewControllerWithCollectionView.swift; sourceTree = "<group>"; };
		8E21766E2868E197008DD163 /* ViewControllerWithActivityIndicator.swift */ = {isa = PBXFileReference; fileEncoding = 4; lastKnownFileType = sourcecode.swift; path = ViewControllerWithActivityIndicator.swift; sourceTree = "<group>"; };
		8E21766F2868E197008DD163 /* ViewControllerWithTextView.swift */ = {isa = PBXFileReference; fileEncoding = 4; lastKnownFileType = sourcecode.swift; path = ViewControllerWithTextView.swift; sourceTree = "<group>"; };
		8E2176702868E197008DD163 /* ViewControllerWithSearchBar.swift */ = {isa = PBXFileReference; fileEncoding = 4; lastKnownFileType = sourcecode.swift; path = ViewControllerWithSearchBar.swift; sourceTree = "<group>"; };
		8E2176712868E197008DD163 /* ViewControllerWithPicker.swift */ = {isa = PBXFileReference; fileEncoding = 4; lastKnownFileType = sourcecode.swift; path = ViewControllerWithPicker.swift; sourceTree = "<group>"; };
		8E2176722868E197008DD163 /* ViewControllerWithPageIndicator.swift */ = {isa = PBXFileReference; fileEncoding = 4; lastKnownFileType = sourcecode.swift; path = ViewControllerWithPageIndicator.swift; sourceTree = "<group>"; };
		8E2176732868E197008DD163 /* ViewControllerWithProgressView.swift */ = {isa = PBXFileReference; fileEncoding = 4; lastKnownFileType = sourcecode.swift; path = ViewControllerWithProgressView.swift; sourceTree = "<group>"; };
		8E2176742868E197008DD163 /* ViewControllerWithSegmentedControl.swift */ = {isa = PBXFileReference; fileEncoding = 4; lastKnownFileType = sourcecode.swift; path = ViewControllerWithSegmentedControl.swift; sourceTree = "<group>"; };
		8E2176752868E197008DD163 /* ViewControllerWithCustomPickerView.swift */ = {isa = PBXFileReference; fileEncoding = 4; lastKnownFileType = sourcecode.swift; path = ViewControllerWithCustomPickerView.swift; sourceTree = "<group>"; };
		8E2176762868E197008DD163 /* ViewControllerWithDatePicker.swift */ = {isa = PBXFileReference; fileEncoding = 4; lastKnownFileType = sourcecode.swift; path = ViewControllerWithDatePicker.swift; sourceTree = "<group>"; };
		8E2176982868E19F008DD163 /* sample_html.html */ = {isa = PBXFileReference; fileEncoding = 4; lastKnownFileType = text.html; path = sample_html.html; sourceTree = "<group>"; };
		8E2176992868E19F008DD163 /* sample_2.html */ = {isa = PBXFileReference; fileEncoding = 4; lastKnownFileType = text.html; path = sample_2.html; sourceTree = "<group>"; };
		8E2176A02868E220008DD163 /* LBCUISuccessDatePickerTimeTests.swift */ = {isa = PBXFileReference; fileEncoding = 4; lastKnownFileType = sourcecode.swift; path = LBCUISuccessDatePickerTimeTests.swift; sourceTree = "<group>"; };
		8E2176A12868E220008DD163 /* LBCUIFailureDatePickerTimeTests.swift */ = {isa = PBXFileReference; fileEncoding = 4; lastKnownFileType = sourcecode.swift; path = LBCUIFailureDatePickerTimeTests.swift; sourceTree = "<group>"; };
		8E2176A52868E220008DD163 /* LBCUITestCase.swift */ = {isa = PBXFileReference; fileEncoding = 4; lastKnownFileType = sourcecode.swift; path = LBCUITestCase.swift; sourceTree = "<group>"; };
		8E2176C72868E220008DD163 /* LBCUITesterTests.swift */ = {isa = PBXFileReference; fileEncoding = 4; lastKnownFileType = sourcecode.swift; path = LBCUITesterTests.swift; sourceTree = "<group>"; };
		D9F7617E28A6AAC6000DBBB2 /* TestKitDemoUITestsPlan0.xctestplan */ = {isa = PBXFileReference; lastKnownFileType = text; name = TestKitDemoUITestsPlan0.xctestplan; path = TestKit.xcodeproj/TestKitDemoUITestsPlan0.xctestplan; sourceTree = "<group>"; };
		D9F7617F28A6B0C1000DBBB2 /* TestKitDemoUITestsPlan1.xctestplan */ = {isa = PBXFileReference; lastKnownFileType = text; path = TestKitDemoUITestsPlan1.xctestplan; sourceTree = "<group>"; };
		OBJ_10 /* String+Extensions.swift */ = {isa = PBXFileReference; lastKnownFileType = sourcecode.swift; path = "String+Extensions.swift"; sourceTree = "<group>"; };
		OBJ_11 /* XCUIElement+Extensions.swift */ = {isa = PBXFileReference; lastKnownFileType = sourcecode.swift; path = "XCUIElement+Extensions.swift"; sourceTree = "<group>"; };
		OBJ_13 /* LBCUITestCaseHelper.swift */ = {isa = PBXFileReference; lastKnownFileType = sourcecode.swift; path = LBCUITestCaseHelper.swift; sourceTree = "<group>"; };
		OBJ_15 /* LBCUIElementCellState.swift */ = {isa = PBXFileReference; lastKnownFileType = sourcecode.swift; path = LBCUIElementCellState.swift; sourceTree = "<group>"; };
		OBJ_16 /* LBCUIElementCellSwipeDirection.swift */ = {isa = PBXFileReference; lastKnownFileType = sourcecode.swift; path = LBCUIElementCellSwipeDirection.swift; sourceTree = "<group>"; };
		OBJ_17 /* LBCUIElementDateComponent.swift */ = {isa = PBXFileReference; lastKnownFileType = sourcecode.swift; path = LBCUIElementDateComponent.swift; sourceTree = "<group>"; };
		OBJ_18 /* LBCUIElementSwipeDirection.swift */ = {isa = PBXFileReference; lastKnownFileType = sourcecode.swift; path = LBCUIElementSwipeDirection.swift; sourceTree = "<group>"; };
		OBJ_19 /* LBCUIElementTapPosition.swift */ = {isa = PBXFileReference; lastKnownFileType = sourcecode.swift; path = LBCUIElementTapPosition.swift; sourceTree = "<group>"; };
		OBJ_20 /* LBCUIElementViewState.swift */ = {isa = PBXFileReference; lastKnownFileType = sourcecode.swift; path = LBCUIElementViewState.swift; sourceTree = "<group>"; };
		OBJ_21 /* LBCUITypeAliases.swift */ = {isa = PBXFileReference; lastKnownFileType = sourcecode.swift; path = LBCUITypeAliases.swift; sourceTree = "<group>"; };
		OBJ_23 /* LBCScrollableTesterProtocol.swift */ = {isa = PBXFileReference; lastKnownFileType = sourcecode.swift; path = LBCScrollableTesterProtocol.swift; sourceTree = "<group>"; };
		OBJ_24 /* LBCUIElementProvider.swift */ = {isa = PBXFileReference; lastKnownFileType = sourcecode.swift; path = LBCUIElementProvider.swift; sourceTree = "<group>"; };
		OBJ_25 /* LBCUITesterProtocols.swift */ = {isa = PBXFileReference; lastKnownFileType = sourcecode.swift; path = LBCUITesterProtocols.swift; sourceTree = "<group>"; };
		OBJ_27 /* LBCDefaultTester.swift */ = {isa = PBXFileReference; lastKnownFileType = sourcecode.swift; path = LBCDefaultTester.swift; sourceTree = "<group>"; };
		OBJ_28 /* LBCUITester.swift */ = {isa = PBXFileReference; lastKnownFileType = sourcecode.swift; path = LBCUITester.swift; sourceTree = "<group>"; };
		OBJ_29 /* LBCUITesterHelper.swift */ = {isa = PBXFileReference; lastKnownFileType = sourcecode.swift; path = LBCUITesterHelper.swift; sourceTree = "<group>"; };
		OBJ_31 /* LBCActionSheetTester.swift */ = {isa = PBXFileReference; lastKnownFileType = sourcecode.swift; path = LBCActionSheetTester.swift; sourceTree = "<group>"; };
		OBJ_32 /* LBCActivityIndicatorTester.swift */ = {isa = PBXFileReference; lastKnownFileType = sourcecode.swift; path = LBCActivityIndicatorTester.swift; sourceTree = "<group>"; };
		OBJ_33 /* LBCAlertTester.swift */ = {isa = PBXFileReference; lastKnownFileType = sourcecode.swift; path = LBCAlertTester.swift; sourceTree = "<group>"; };
		OBJ_34 /* LBCButtonTester.swift */ = {isa = PBXFileReference; lastKnownFileType = sourcecode.swift; path = LBCButtonTester.swift; sourceTree = "<group>"; };
		OBJ_35 /* LBCCellTester.swift */ = {isa = PBXFileReference; lastKnownFileType = sourcecode.swift; path = LBCCellTester.swift; sourceTree = "<group>"; };
		OBJ_36 /* LBCCollectionViewTester.swift */ = {isa = PBXFileReference; lastKnownFileType = sourcecode.swift; path = LBCCollectionViewTester.swift; sourceTree = "<group>"; };
		OBJ_37 /* LBCDatePickerCountDownTimerTester.swift */ = {isa = PBXFileReference; lastKnownFileType = sourcecode.swift; path = LBCDatePickerCountDownTimerTester.swift; sourceTree = "<group>"; };
		OBJ_38 /* LBCDatePickerDateAndTimeTester.swift */ = {isa = PBXFileReference; lastKnownFileType = sourcecode.swift; path = LBCDatePickerDateAndTimeTester.swift; sourceTree = "<group>"; };
		OBJ_39 /* LBCDatePickerDateTypeTester.swift */ = {isa = PBXFileReference; lastKnownFileType = sourcecode.swift; path = LBCDatePickerDateTypeTester.swift; sourceTree = "<group>"; };
		OBJ_40 /* LBCDatePickerTimeTester.swift */ = {isa = PBXFileReference; lastKnownFileType = sourcecode.swift; path = LBCDatePickerTimeTester.swift; sourceTree = "<group>"; };
		OBJ_41 /* LBCImageTester.swift */ = {isa = PBXFileReference; lastKnownFileType = sourcecode.swift; path = LBCImageTester.swift; sourceTree = "<group>"; };
		OBJ_42 /* LBCLabelTester.swift */ = {isa = PBXFileReference; lastKnownFileType = sourcecode.swift; path = LBCLabelTester.swift; sourceTree = "<group>"; };
		OBJ_43 /* LBCLinkTester.swift */ = {isa = PBXFileReference; lastKnownFileType = sourcecode.swift; path = LBCLinkTester.swift; sourceTree = "<group>"; };
		OBJ_44 /* LBCMapTester.swift */ = {isa = PBXFileReference; lastKnownFileType = sourcecode.swift; path = LBCMapTester.swift; sourceTree = "<group>"; };
		OBJ_45 /* LBCNavigationBarButtonTester.swift */ = {isa = PBXFileReference; lastKnownFileType = sourcecode.swift; path = LBCNavigationBarButtonTester.swift; sourceTree = "<group>"; };
		OBJ_46 /* LBCNavigationBarTester.swift */ = {isa = PBXFileReference; lastKnownFileType = sourcecode.swift; path = LBCNavigationBarTester.swift; sourceTree = "<group>"; };
		OBJ_47 /* LBCPageIndicatorTester.swift */ = {isa = PBXFileReference; lastKnownFileType = sourcecode.swift; path = LBCPageIndicatorTester.swift; sourceTree = "<group>"; };
		OBJ_48 /* LBCPickerTester.swift */ = {isa = PBXFileReference; lastKnownFileType = sourcecode.swift; path = LBCPickerTester.swift; sourceTree = "<group>"; };
		OBJ_49 /* LBCProgressIndicatorTester.swift */ = {isa = PBXFileReference; lastKnownFileType = sourcecode.swift; path = LBCProgressIndicatorTester.swift; sourceTree = "<group>"; };
		OBJ_50 /* LBCScrollBarTester.swift */ = {isa = PBXFileReference; lastKnownFileType = sourcecode.swift; path = LBCScrollBarTester.swift; sourceTree = "<group>"; };
		OBJ_51 /* LBCScrollViewTester.swift */ = {isa = PBXFileReference; lastKnownFileType = sourcecode.swift; path = LBCScrollViewTester.swift; sourceTree = "<group>"; };
		OBJ_52 /* LBCSearchBarTester.swift */ = {isa = PBXFileReference; lastKnownFileType = sourcecode.swift; path = LBCSearchBarTester.swift; sourceTree = "<group>"; };
		OBJ_53 /* LBCSecuredTextFieldTester.swift */ = {isa = PBXFileReference; lastKnownFileType = sourcecode.swift; path = LBCSecuredTextFieldTester.swift; sourceTree = "<group>"; };
		OBJ_54 /* LBCSegmentedControlTester.swift */ = {isa = PBXFileReference; lastKnownFileType = sourcecode.swift; path = LBCSegmentedControlTester.swift; sourceTree = "<group>"; };
		OBJ_55 /* LBCSliderTester.swift */ = {isa = PBXFileReference; lastKnownFileType = sourcecode.swift; path = LBCSliderTester.swift; sourceTree = "<group>"; };
		OBJ_56 /* LBCStepperTester.swift */ = {isa = PBXFileReference; lastKnownFileType = sourcecode.swift; path = LBCStepperTester.swift; sourceTree = "<group>"; };
		OBJ_57 /* LBCSwitchTester.swift */ = {isa = PBXFileReference; lastKnownFileType = sourcecode.swift; path = LBCSwitchTester.swift; sourceTree = "<group>"; };
		OBJ_58 /* LBCTabBarItemTester.swift */ = {isa = PBXFileReference; lastKnownFileType = sourcecode.swift; path = LBCTabBarItemTester.swift; sourceTree = "<group>"; };
		OBJ_59 /* LBCTabBarTester.swift */ = {isa = PBXFileReference; lastKnownFileType = sourcecode.swift; path = LBCTabBarTester.swift; sourceTree = "<group>"; };
		OBJ_6 /* Package.swift */ = {isa = PBXFileReference; explicitFileType = sourcecode.swift; path = Package.swift; sourceTree = "<group>"; };
		OBJ_60 /* LBCTableViewTester.swift */ = {isa = PBXFileReference; lastKnownFileType = sourcecode.swift; path = LBCTableViewTester.swift; sourceTree = "<group>"; };
		OBJ_61 /* LBCTextFieldTester.swift */ = {isa = PBXFileReference; lastKnownFileType = sourcecode.swift; path = LBCTextFieldTester.swift; sourceTree = "<group>"; };
		OBJ_62 /* LBCTextViewTester.swift */ = {isa = PBXFileReference; lastKnownFileType = sourcecode.swift; path = LBCTextViewTester.swift; sourceTree = "<group>"; };
		OBJ_63 /* LBCToolbarButtonTester.swift */ = {isa = PBXFileReference; lastKnownFileType = sourcecode.swift; path = LBCToolbarButtonTester.swift; sourceTree = "<group>"; };
		OBJ_64 /* LBCToolbarTester.swift */ = {isa = PBXFileReference; lastKnownFileType = sourcecode.swift; path = LBCToolbarTester.swift; sourceTree = "<group>"; };
		OBJ_65 /* LBCUIElementTester.swift */ = {isa = PBXFileReference; lastKnownFileType = sourcecode.swift; path = LBCUIElementTester.swift; sourceTree = "<group>"; };
		OBJ_66 /* LBCViewTester.swift */ = {isa = PBXFileReference; lastKnownFileType = sourcecode.swift; path = LBCViewTester.swift; sourceTree = "<group>"; };
		OBJ_67 /* LBCWebViewTester.swift */ = {isa = PBXFileReference; lastKnownFileType = sourcecode.swift; path = LBCWebViewTester.swift; sourceTree = "<group>"; };
		OBJ_69 /* LBCTestTimeout.swift */ = {isa = PBXFileReference; lastKnownFileType = sourcecode.swift; path = LBCTestTimeout.swift; sourceTree = "<group>"; };
		OBJ_72 /* LBCTestTimeoutTests.swift */ = {isa = PBXFileReference; lastKnownFileType = sourcecode.swift; path = LBCTestTimeoutTests.swift; sourceTree = "<group>"; };
		OBJ_76 /* README.md */ = {isa = PBXFileReference; lastKnownFileType = net.daringfireball.markdown; path = README.md; sourceTree = "<group>"; };
		"testkit::TestKit::Product" /* TestKit.framework */ = {isa = PBXFileReference; explicitFileType = wrapper.framework; path = TestKit.framework; sourceTree = BUILT_PRODUCTS_DIR; };
		"testkit::TestKitTests::Product" /* TestKitTests.xctest */ = {isa = PBXFileReference; explicitFileType = wrapper.cfbundle; path = TestKitTests.xctest; sourceTree = BUILT_PRODUCTS_DIR; };
/* End PBXFileReference section */

/* Begin PBXFrameworksBuildPhase section */
		8E2176212868E140008DD163 /* Frameworks */ = {
			isa = PBXFrameworksBuildPhase;
			buildActionMask = 2147483647;
			files = (
			);
			runOnlyForDeploymentPostprocessing = 0;
		};
		8E2176402868E143008DD163 /* Frameworks */ = {
			isa = PBXFrameworksBuildPhase;
			buildActionMask = 2147483647;
			files = (
				8E21769D2868E1EB008DD163 /* TestKit.framework in Frameworks */,
			);
			runOnlyForDeploymentPostprocessing = 0;
		};
		OBJ_136 /* Frameworks */ = {
			isa = PBXFrameworksBuildPhase;
			buildActionMask = 0;
			files = (
			);
			runOnlyForDeploymentPostprocessing = 0;
		};
		OBJ_154 /* Frameworks */ = {
			isa = PBXFrameworksBuildPhase;
			buildActionMask = 0;
			files = (
				OBJ_155 /* TestKit.framework in Frameworks */,
			);
			runOnlyForDeploymentPostprocessing = 0;
		};
/* End PBXFrameworksBuildPhase section */

/* Begin PBXGroup section */
		8E2176252868E140008DD163 /* TestKitDemo */ = {
			isa = PBXGroup;
			children = (
				8E2176972868E19F008DD163 /* Resources */,
				8E2176562868E197008DD163 /* Classes */,
				8E2176262868E140008DD163 /* AppDelegate.swift */,
				8E21762C2868E140008DD163 /* Main.storyboard */,
				8E21762F2868E142008DD163 /* Assets.xcassets */,
				8E2176312868E142008DD163 /* LaunchScreen.storyboard */,
				8E2176342868E142008DD163 /* Info.plist */,
			);
			path = TestKitDemo;
			sourceTree = "<group>";
		};
		8E2176462868E143008DD163 /* TestKitDemoUITests */ = {
			isa = PBXGroup;
			children = (
				8E21769E2868E220008DD163 /* Classes */,
			);
			path = TestKitDemoUITests;
			sourceTree = "<group>";
		};
		8E2176562868E197008DD163 /* Classes */ = {
			isa = PBXGroup;
			children = (
				8E2176572868E197008DD163 /* ViewControllerWithWebView.swift */,
				8E2176582868E197008DD163 /* ViewControllerWithSlider.swift */,
				8E2176592868E197008DD163 /* ViewControllerWithSecuredTextField.swift */,
				8E21765A2868E197008DD163 /* ViewControllerWithMap.swift */,
				8E21765B2868E197008DD163 /* ViewControllerWithLink.swift */,
				8E21765C2868E197008DD163 /* ViewControllerWithUIControl.swift */,
				8E21765D2868E197008DD163 /* ViewControllerWithImage.swift */,
				8E21765E2868E197008DD163 /* ViewControllerWithSwitch.swift */,
				8E21765F2868E197008DD163 /* HomePageTypeEnum.swift */,
				8E2176602868E197008DD163 /* ViewControllerWithAlert.swift */,
				8E2176612868E197008DD163 /* ViewControllerWithButton.swift */,
				8E2176622868E197008DD163 /* ViewControllerWithTableView.swift */,
				8E2176632868E197008DD163 /* ViewControllerWithStepper.swift */,
				8E2176642868E197008DD163 /* ViewControllerWithLabel.swift */,
				8E2176652868E197008DD163 /* ViewControllerWithTextField.swift */,
				8E2176662868E197008DD163 /* ViewControllerWithNavigationBar.swift */,
				8E2176672868E197008DD163 /* DefaultViewController.swift */,
				8E2176682868E197008DD163 /* ViewControllerWithScrollView.swift */,
				8E2176692868E197008DD163 /* ViewControllerWithView.swift */,
				8E21766A2868E197008DD163 /* ViewControllerWithToolbar.swift */,
				8E21766B2868E197008DD163 /* ViewControllerWithActionSheet.swift */,
				8E21766C2868E197008DD163 /* ViewControllerWithTabBar.swift */,
				8E21766D2868E197008DD163 /* ViewControllerWithCollectionView.swift */,
				8E21766E2868E197008DD163 /* ViewControllerWithActivityIndicator.swift */,
				8E21766F2868E197008DD163 /* ViewControllerWithTextView.swift */,
				8E2176702868E197008DD163 /* ViewControllerWithSearchBar.swift */,
				8E2176712868E197008DD163 /* ViewControllerWithPicker.swift */,
				8E2176722868E197008DD163 /* ViewControllerWithPageIndicator.swift */,
				8E2176732868E197008DD163 /* ViewControllerWithProgressView.swift */,
				8E2176742868E197008DD163 /* ViewControllerWithSegmentedControl.swift */,
				8E2176752868E197008DD163 /* ViewControllerWithCustomPickerView.swift */,
				8E2176762868E197008DD163 /* ViewControllerWithDatePicker.swift */,
			);
			path = Classes;
			sourceTree = "<group>";
		};
		8E2176972868E19F008DD163 /* Resources */ = {
			isa = PBXGroup;
			children = (
				8E2176982868E19F008DD163 /* sample_html.html */,
				8E2176992868E19F008DD163 /* sample_2.html */,
			);
			path = Resources;
			sourceTree = "<group>";
		};
		8E21769C2868E1EB008DD163 /* Frameworks */ = {
			isa = PBXGroup;
			children = (
			);
			name = Frameworks;
			sourceTree = "<group>";
		};
		8E21769E2868E220008DD163 /* Classes */ = {
			isa = PBXGroup;
			children = (
				8E2176A52868E220008DD163 /* LBCUITestCase.swift */,
				8E2176C72868E220008DD163 /* LBCUITesterTests.swift */,
				8E21769F2868E220008DD163 /* DatePickerTimeTester */,
			);
			path = Classes;
			sourceTree = "<group>";
		};
		8E21769F2868E220008DD163 /* DatePickerTimeTester */ = {
			isa = PBXGroup;
			children = (
				8E2176A02868E220008DD163 /* LBCUISuccessDatePickerTimeTests.swift */,
				8E2176A12868E220008DD163 /* LBCUIFailureDatePickerTimeTests.swift */,
			);
			path = DatePickerTimeTester;
			sourceTree = "<group>";
		};
		OBJ_12 /* UI */ = {
			isa = PBXGroup;
			children = (
				OBJ_13 /* LBCUITestCaseHelper.swift */,
				OBJ_14 /* Models */,
				OBJ_22 /* Protocols */,
				OBJ_26 /* Testers */,
			);
			path = UI;
			sourceTree = "<group>";
		};
		OBJ_14 /* Models */ = {
			isa = PBXGroup;
			children = (
				OBJ_15 /* LBCUIElementCellState.swift */,
				OBJ_16 /* LBCUIElementCellSwipeDirection.swift */,
				OBJ_17 /* LBCUIElementDateComponent.swift */,
				OBJ_18 /* LBCUIElementSwipeDirection.swift */,
				OBJ_19 /* LBCUIElementTapPosition.swift */,
				OBJ_20 /* LBCUIElementViewState.swift */,
				OBJ_21 /* LBCUITypeAliases.swift */,
			);
			path = Models;
			sourceTree = "<group>";
		};
		OBJ_22 /* Protocols */ = {
			isa = PBXGroup;
			children = (
				OBJ_23 /* LBCScrollableTesterProtocol.swift */,
				OBJ_24 /* LBCUIElementProvider.swift */,
				OBJ_25 /* LBCUITesterProtocols.swift */,
			);
			path = Protocols;
			sourceTree = "<group>";
		};
		OBJ_26 /* Testers */ = {
			isa = PBXGroup;
			children = (
				OBJ_27 /* LBCDefaultTester.swift */,
				OBJ_28 /* LBCUITester.swift */,
				OBJ_29 /* LBCUITesterHelper.swift */,
				OBJ_30 /* UIKitTesters */,
			);
			path = Testers;
			sourceTree = "<group>";
		};
		OBJ_30 /* UIKitTesters */ = {
			isa = PBXGroup;
			children = (
				OBJ_31 /* LBCActionSheetTester.swift */,
				OBJ_32 /* LBCActivityIndicatorTester.swift */,
				OBJ_33 /* LBCAlertTester.swift */,
				OBJ_34 /* LBCButtonTester.swift */,
				OBJ_35 /* LBCCellTester.swift */,
				OBJ_36 /* LBCCollectionViewTester.swift */,
				OBJ_37 /* LBCDatePickerCountDownTimerTester.swift */,
				OBJ_38 /* LBCDatePickerDateAndTimeTester.swift */,
				OBJ_39 /* LBCDatePickerDateTypeTester.swift */,
				OBJ_40 /* LBCDatePickerTimeTester.swift */,
				OBJ_41 /* LBCImageTester.swift */,
				OBJ_42 /* LBCLabelTester.swift */,
				OBJ_43 /* LBCLinkTester.swift */,
				OBJ_44 /* LBCMapTester.swift */,
				OBJ_45 /* LBCNavigationBarButtonTester.swift */,
				OBJ_46 /* LBCNavigationBarTester.swift */,
				OBJ_47 /* LBCPageIndicatorTester.swift */,
				OBJ_48 /* LBCPickerTester.swift */,
				OBJ_49 /* LBCProgressIndicatorTester.swift */,
				OBJ_50 /* LBCScrollBarTester.swift */,
				OBJ_51 /* LBCScrollViewTester.swift */,
				OBJ_52 /* LBCSearchBarTester.swift */,
				OBJ_53 /* LBCSecuredTextFieldTester.swift */,
				OBJ_54 /* LBCSegmentedControlTester.swift */,
				OBJ_55 /* LBCSliderTester.swift */,
				OBJ_56 /* LBCStepperTester.swift */,
				OBJ_57 /* LBCSwitchTester.swift */,
				OBJ_58 /* LBCTabBarItemTester.swift */,
				OBJ_59 /* LBCTabBarTester.swift */,
				OBJ_60 /* LBCTableViewTester.swift */,
				OBJ_61 /* LBCTextFieldTester.swift */,
				OBJ_62 /* LBCTextViewTester.swift */,
				OBJ_63 /* LBCToolbarButtonTester.swift */,
				OBJ_64 /* LBCToolbarTester.swift */,
				OBJ_65 /* LBCUIElementTester.swift */,
				OBJ_66 /* LBCViewTester.swift */,
				OBJ_67 /* LBCWebViewTester.swift */,
			);
			path = UIKitTesters;
			sourceTree = "<group>";
		};
		OBJ_5 = {
			isa = PBXGroup;
			children = (
				D9F7617E28A6AAC6000DBBB2 /* TestKitDemoUITestsPlan0.xctestplan */,
				D9F7617F28A6B0C1000DBBB2 /* TestKitDemoUITestsPlan1.xctestplan */,
				OBJ_6 /* Package.swift */,
				OBJ_7 /* Sources */,
				OBJ_70 /* Tests */,
				8E2176252868E140008DD163 /* TestKitDemo */,
				8E2176462868E143008DD163 /* TestKitDemoUITests */,
				OBJ_73 /* Products */,
				OBJ_76 /* README.md */,
				8E21769C2868E1EB008DD163 /* Frameworks */,
			);
			sourceTree = "<group>";
		};
		OBJ_68 /* Unit */ = {
			isa = PBXGroup;
			children = (
				OBJ_69 /* LBCTestTimeout.swift */,
			);
			path = Unit;
			sourceTree = "<group>";
		};
		OBJ_7 /* Sources */ = {
			isa = PBXGroup;
			children = (
				OBJ_8 /* TestKit */,
			);
			name = Sources;
			sourceTree = SOURCE_ROOT;
		};
		OBJ_70 /* Tests */ = {
			isa = PBXGroup;
			children = (
				OBJ_71 /* TestKitTests */,
			);
			name = Tests;
			sourceTree = SOURCE_ROOT;
		};
		OBJ_71 /* TestKitTests */ = {
			isa = PBXGroup;
			children = (
				OBJ_72 /* LBCTestTimeoutTests.swift */,
			);
			name = TestKitTests;
			path = Tests/TestKitTests;
			sourceTree = SOURCE_ROOT;
		};
		OBJ_73 /* Products */ = {
			isa = PBXGroup;
			children = (
				"testkit::TestKit::Product" /* TestKit.framework */,
				"testkit::TestKitTests::Product" /* TestKitTests.xctest */,
				8E2176242868E140008DD163 /* TestKitDemo.app */,
				8E2176432868E143008DD163 /* TestKitDemoUITests.xctest */,
			);
			name = Products;
			sourceTree = BUILT_PRODUCTS_DIR;
		};
		OBJ_8 /* TestKit */ = {
			isa = PBXGroup;
			children = (
				OBJ_9 /* Extensions */,
				OBJ_12 /* UI */,
				OBJ_68 /* Unit */,
			);
			name = TestKit;
			path = Sources/TestKit;
			sourceTree = SOURCE_ROOT;
		};
		OBJ_9 /* Extensions */ = {
			isa = PBXGroup;
			children = (
				OBJ_10 /* String+Extensions.swift */,
				OBJ_11 /* XCUIElement+Extensions.swift */,
			);
			path = Extensions;
			sourceTree = "<group>";
		};
/* End PBXGroup section */

/* Begin PBXNativeTarget section */
		8E2176232868E140008DD163 /* TestKitDemo */ = {
			isa = PBXNativeTarget;
			buildConfigurationList = 8E21764B2868E143008DD163 /* Build configuration list for PBXNativeTarget "TestKitDemo" */;
			buildPhases = (
				8E2176202868E140008DD163 /* Sources */,
				8E2176212868E140008DD163 /* Frameworks */,
				8E2176222868E140008DD163 /* Resources */,
			);
			buildRules = (
			);
			dependencies = (
			);
			name = TestKitDemo;
			productName = TestKitDemo;
			productReference = 8E2176242868E140008DD163 /* TestKitDemo.app */;
			productType = "com.apple.product-type.application";
		};
		8E2176422868E143008DD163 /* TestKitDemoUITests */ = {
			isa = PBXNativeTarget;
			buildConfigurationList = 8E2176512868E143008DD163 /* Build configuration list for PBXNativeTarget "TestKitDemoUITests" */;
			buildPhases = (
				8E21763F2868E143008DD163 /* Sources */,
				8E2176402868E143008DD163 /* Frameworks */,
				8E2176412868E143008DD163 /* Resources */,
			);
			buildRules = (
			);
			dependencies = (
				8E2176452868E143008DD163 /* PBXTargetDependency */,
			);
			name = TestKitDemoUITests;
			productName = TestKitDemoUITests;
			productReference = 8E2176432868E143008DD163 /* TestKitDemoUITests.xctest */;
			productType = "com.apple.product-type.bundle.ui-testing";
		};
		"testkit::SwiftPMPackageDescription" /* TestKitPackageDescription */ = {
			isa = PBXNativeTarget;
			buildConfigurationList = OBJ_138 /* Build configuration list for PBXNativeTarget "TestKitPackageDescription" */;
			buildPhases = (
				OBJ_141 /* Sources */,
			);
			buildRules = (
			);
			dependencies = (
			);
			name = TestKitPackageDescription;
			productName = TestKitPackageDescription;
			productType = "com.apple.product-type.framework";
		};
		"testkit::TestKit" /* TestKit */ = {
			isa = PBXNativeTarget;
			buildConfigurationList = OBJ_78 /* Build configuration list for PBXNativeTarget "TestKit" */;
			buildPhases = (
				OBJ_81 /* Sources */,
				OBJ_136 /* Frameworks */,
			);
			buildRules = (
			);
			dependencies = (
			);
			name = TestKit;
			productName = TestKit;
			productReference = "testkit::TestKit::Product" /* TestKit.framework */;
			productType = "com.apple.product-type.framework";
		};
		"testkit::TestKitTests" /* TestKitTests */ = {
			isa = PBXNativeTarget;
			buildConfigurationList = OBJ_149 /* Build configuration list for PBXNativeTarget "TestKitTests" */;
			buildPhases = (
				OBJ_152 /* Sources */,
				OBJ_154 /* Frameworks */,
			);
			buildRules = (
			);
			dependencies = (
				OBJ_156 /* PBXTargetDependency */,
			);
			name = TestKitTests;
			productName = TestKitTests;
			productReference = "testkit::TestKitTests::Product" /* TestKitTests.xctest */;
			productType = "com.apple.product-type.bundle.unit-test";
		};
/* End PBXNativeTarget section */

/* Begin PBXProject section */
		OBJ_1 /* Project object */ = {
			isa = PBXProject;
			attributes = {
				LastSwiftMigration = 9999;
				LastSwiftUpdateCheck = 1340;
				LastUpgradeCheck = 9999;
				TargetAttributes = {
					8E2176232868E140008DD163 = {
						CreatedOnToolsVersion = 13.4.1;
						ProvisioningStyle = Manual;
					};
					8E2176422868E143008DD163 = {
						CreatedOnToolsVersion = 13.4.1;
						ProvisioningStyle = Manual;
						TestTargetID = 8E2176232868E140008DD163;
					};
				};
			};
			buildConfigurationList = OBJ_2 /* Build configuration list for PBXProject "TestKit" */;
			compatibilityVersion = "Xcode 3.2";
			developmentRegion = en;
			hasScannedForEncodings = 0;
			knownRegions = (
				en,
				Base,
			);
			mainGroup = OBJ_5;
			productRefGroup = OBJ_73 /* Products */;
			projectDirPath = "";
			projectRoot = "";
			targets = (
				"testkit::TestKit" /* TestKit */,
				"testkit::SwiftPMPackageDescription" /* TestKitPackageDescription */,
				"testkit::TestKitPackageTests::ProductTarget" /* TestKitPackageTests */,
				"testkit::TestKitTests" /* TestKitTests */,
				8E2176232868E140008DD163 /* TestKitDemo */,
				8E2176422868E143008DD163 /* TestKitDemoUITests */,
			);
		};
/* End PBXProject section */

/* Begin PBXResourcesBuildPhase section */
		8E2176222868E140008DD163 /* Resources */ = {
			isa = PBXResourcesBuildPhase;
			buildActionMask = 2147483647;
			files = (
				8E2176332868E142008DD163 /* LaunchScreen.storyboard in Resources */,
				8E21769A2868E19F008DD163 /* sample_html.html in Resources */,
				8E21769B2868E19F008DD163 /* sample_2.html in Resources */,
				8E2176302868E142008DD163 /* Assets.xcassets in Resources */,
				8E21762E2868E140008DD163 /* Main.storyboard in Resources */,
			);
			runOnlyForDeploymentPostprocessing = 0;
		};
		8E2176412868E143008DD163 /* Resources */ = {
			isa = PBXResourcesBuildPhase;
			buildActionMask = 2147483647;
			files = (
			);
			runOnlyForDeploymentPostprocessing = 0;
		};
/* End PBXResourcesBuildPhase section */

/* Begin PBXSourcesBuildPhase section */
		8E2176202868E140008DD163 /* Sources */ = {
			isa = PBXSourcesBuildPhase;
			buildActionMask = 2147483647;
			files = (
				8E21768F2868E197008DD163 /* ViewControllerWithTextView.swift in Sources */,
				8E21768A2868E197008DD163 /* ViewControllerWithToolbar.swift in Sources */,
				8E2176852868E197008DD163 /* ViewControllerWithTextField.swift in Sources */,
				8E21767A2868E197008DD163 /* ViewControllerWithMap.swift in Sources */,
				8E21767E2868E197008DD163 /* ViewControllerWithSwitch.swift in Sources */,
				8E2176842868E197008DD163 /* ViewControllerWithLabel.swift in Sources */,
				8E2176902868E197008DD163 /* ViewControllerWithSearchBar.swift in Sources */,
				8E2176962868E197008DD163 /* ViewControllerWithDatePicker.swift in Sources */,
				8E2176772868E197008DD163 /* ViewControllerWithWebView.swift in Sources */,
				8E21767C2868E197008DD163 /* ViewControllerWithUIControl.swift in Sources */,
				8E2176872868E197008DD163 /* DefaultViewController.swift in Sources */,
				8E2176912868E197008DD163 /* ViewControllerWithPicker.swift in Sources */,
				8E2176882868E197008DD163 /* ViewControllerWithScrollView.swift in Sources */,
				8E2176942868E197008DD163 /* ViewControllerWithSegmentedControl.swift in Sources */,
				8E2176922868E197008DD163 /* ViewControllerWithPageIndicator.swift in Sources */,
				8E2176862868E197008DD163 /* ViewControllerWithNavigationBar.swift in Sources */,
				8E21768B2868E197008DD163 /* ViewControllerWithActionSheet.swift in Sources */,
				8E21768D2868E197008DD163 /* ViewControllerWithCollectionView.swift in Sources */,
				8E2176932868E197008DD163 /* ViewControllerWithProgressView.swift in Sources */,
				8E2176952868E197008DD163 /* ViewControllerWithCustomPickerView.swift in Sources */,
				8E2176782868E197008DD163 /* ViewControllerWithSlider.swift in Sources */,
				8E2176792868E197008DD163 /* ViewControllerWithSecuredTextField.swift in Sources */,
				8E21768C2868E197008DD163 /* ViewControllerWithTabBar.swift in Sources */,
				8E21768E2868E197008DD163 /* ViewControllerWithActivityIndicator.swift in Sources */,
				8E21767F2868E197008DD163 /* HomePageTypeEnum.swift in Sources */,
				8E21767B2868E197008DD163 /* ViewControllerWithLink.swift in Sources */,
				8E2176892868E197008DD163 /* ViewControllerWithView.swift in Sources */,
				8E2176812868E197008DD163 /* ViewControllerWithButton.swift in Sources */,
				8E2176802868E197008DD163 /* ViewControllerWithAlert.swift in Sources */,
				8E21767D2868E197008DD163 /* ViewControllerWithImage.swift in Sources */,
				8E2176822868E197008DD163 /* ViewControllerWithTableView.swift in Sources */,
				8E2176832868E197008DD163 /* ViewControllerWithStepper.swift in Sources */,
				8E2176272868E140008DD163 /* AppDelegate.swift in Sources */,
			);
			runOnlyForDeploymentPostprocessing = 0;
		};
		8E21763F2868E143008DD163 /* Sources */ = {
			isa = PBXSourcesBuildPhase;
			buildActionMask = 2147483647;
			files = (
				8E2177282868E221008DD163 /* LBCUITesterTests.swift in Sources */,
				8E2177112868E220008DD163 /* LBCUITestCase.swift in Sources */,
				8E21770D2868E220008DD163 /* LBCUISuccessDatePickerTimeTests.swift in Sources */,
				8E21770E2868E220008DD163 /* LBCUIFailureDatePickerTimeTests.swift in Sources */,
				8E2177572868E28D008DD163 /* HomePageTypeEnum.swift in Sources */,
			);
			runOnlyForDeploymentPostprocessing = 0;
		};
		OBJ_141 /* Sources */ = {
			isa = PBXSourcesBuildPhase;
			buildActionMask = 0;
			files = (
				OBJ_142 /* Package.swift in Sources */,
			);
			runOnlyForDeploymentPostprocessing = 0;
		};
		OBJ_152 /* Sources */ = {
			isa = PBXSourcesBuildPhase;
			buildActionMask = 0;
			files = (
				OBJ_153 /* LBCTestTimeoutTests.swift in Sources */,
			);
			runOnlyForDeploymentPostprocessing = 0;
		};
		OBJ_81 /* Sources */ = {
			isa = PBXSourcesBuildPhase;
			buildActionMask = 0;
			files = (
				OBJ_82 /* String+Extensions.swift in Sources */,
				OBJ_83 /* XCUIElement+Extensions.swift in Sources */,
				OBJ_84 /* LBCUITestCaseHelper.swift in Sources */,
				OBJ_85 /* LBCUIElementCellState.swift in Sources */,
				OBJ_86 /* LBCUIElementCellSwipeDirection.swift in Sources */,
				OBJ_87 /* LBCUIElementDateComponent.swift in Sources */,
				OBJ_88 /* LBCUIElementSwipeDirection.swift in Sources */,
				OBJ_89 /* LBCUIElementTapPosition.swift in Sources */,
				OBJ_90 /* LBCUIElementViewState.swift in Sources */,
				OBJ_91 /* LBCUITypeAliases.swift in Sources */,
				OBJ_92 /* LBCScrollableTesterProtocol.swift in Sources */,
				OBJ_93 /* LBCUIElementProvider.swift in Sources */,
				OBJ_94 /* LBCUITesterProtocols.swift in Sources */,
				OBJ_95 /* LBCDefaultTester.swift in Sources */,
				OBJ_96 /* LBCUITester.swift in Sources */,
				OBJ_97 /* LBCUITesterHelper.swift in Sources */,
				OBJ_98 /* LBCActionSheetTester.swift in Sources */,
				OBJ_99 /* LBCActivityIndicatorTester.swift in Sources */,
				OBJ_100 /* LBCAlertTester.swift in Sources */,
				OBJ_101 /* LBCButtonTester.swift in Sources */,
				OBJ_102 /* LBCCellTester.swift in Sources */,
				OBJ_103 /* LBCCollectionViewTester.swift in Sources */,
				OBJ_104 /* LBCDatePickerCountDownTimerTester.swift in Sources */,
				OBJ_105 /* LBCDatePickerDateAndTimeTester.swift in Sources */,
				OBJ_106 /* LBCDatePickerDateTypeTester.swift in Sources */,
				OBJ_107 /* LBCDatePickerTimeTester.swift in Sources */,
				OBJ_108 /* LBCImageTester.swift in Sources */,
				OBJ_109 /* LBCLabelTester.swift in Sources */,
				OBJ_110 /* LBCLinkTester.swift in Sources */,
				OBJ_111 /* LBCMapTester.swift in Sources */,
				OBJ_112 /* LBCNavigationBarButtonTester.swift in Sources */,
				OBJ_113 /* LBCNavigationBarTester.swift in Sources */,
				OBJ_114 /* LBCPageIndicatorTester.swift in Sources */,
				OBJ_115 /* LBCPickerTester.swift in Sources */,
				OBJ_116 /* LBCProgressIndicatorTester.swift in Sources */,
				OBJ_117 /* LBCScrollBarTester.swift in Sources */,
				OBJ_118 /* LBCScrollViewTester.swift in Sources */,
				OBJ_119 /* LBCSearchBarTester.swift in Sources */,
				OBJ_120 /* LBCSecuredTextFieldTester.swift in Sources */,
				OBJ_121 /* LBCSegmentedControlTester.swift in Sources */,
				OBJ_122 /* LBCSliderTester.swift in Sources */,
				OBJ_123 /* LBCStepperTester.swift in Sources */,
				OBJ_124 /* LBCSwitchTester.swift in Sources */,
				OBJ_125 /* LBCTabBarItemTester.swift in Sources */,
				OBJ_126 /* LBCTabBarTester.swift in Sources */,
				OBJ_127 /* LBCTableViewTester.swift in Sources */,
				OBJ_128 /* LBCTextFieldTester.swift in Sources */,
				OBJ_129 /* LBCTextViewTester.swift in Sources */,
				OBJ_130 /* LBCToolbarButtonTester.swift in Sources */,
				OBJ_131 /* LBCToolbarTester.swift in Sources */,
				OBJ_132 /* LBCUIElementTester.swift in Sources */,
				OBJ_133 /* LBCViewTester.swift in Sources */,
				OBJ_134 /* LBCWebViewTester.swift in Sources */,
				OBJ_135 /* LBCTestTimeout.swift in Sources */,
			);
			runOnlyForDeploymentPostprocessing = 0;
		};
/* End PBXSourcesBuildPhase section */

/* Begin PBXTargetDependency section */
		8E2176452868E143008DD163 /* PBXTargetDependency */ = {
			isa = PBXTargetDependency;
			target = 8E2176232868E140008DD163 /* TestKitDemo */;
			targetProxy = 8E2176442868E143008DD163 /* PBXContainerItemProxy */;
		};
		OBJ_147 /* PBXTargetDependency */ = {
			isa = PBXTargetDependency;
			target = "testkit::TestKitTests" /* TestKitTests */;
			targetProxy = 8E21761F2868DFC5008DD163 /* PBXContainerItemProxy */;
		};
		OBJ_156 /* PBXTargetDependency */ = {
			isa = PBXTargetDependency;
			target = "testkit::TestKit" /* TestKit */;
			targetProxy = 8E21761E2868DFC4008DD163 /* PBXContainerItemProxy */;
		};
/* End PBXTargetDependency section */

/* Begin PBXVariantGroup section */
		8E21762C2868E140008DD163 /* Main.storyboard */ = {
			isa = PBXVariantGroup;
			children = (
				8E21762D2868E140008DD163 /* Base */,
			);
			name = Main.storyboard;
			sourceTree = "<group>";
		};
		8E2176312868E142008DD163 /* LaunchScreen.storyboard */ = {
			isa = PBXVariantGroup;
			children = (
				8E2176322868E142008DD163 /* Base */,
			);
			name = LaunchScreen.storyboard;
			sourceTree = "<group>";
		};
/* End PBXVariantGroup section */

/* Begin XCBuildConfiguration section */
		8E21764C2868E143008DD163 /* Debug */ = {
			isa = XCBuildConfiguration;
			buildSettings = {
				ALWAYS_SEARCH_USER_PATHS = NO;
				ASSETCATALOG_COMPILER_APPICON_NAME = AppIcon;
				ASSETCATALOG_COMPILER_GLOBAL_ACCENT_COLOR_NAME = AccentColor;
				CLANG_ANALYZER_NONNULL = YES;
				CLANG_ANALYZER_NUMBER_OBJECT_CONVERSION = YES_AGGRESSIVE;
				CLANG_CXX_LANGUAGE_STANDARD = "gnu++17";
				CLANG_ENABLE_MODULES = YES;
				CLANG_ENABLE_OBJC_WEAK = YES;
				CLANG_WARN_BLOCK_CAPTURE_AUTORELEASING = YES;
				CLANG_WARN_BOOL_CONVERSION = YES;
				CLANG_WARN_COMMA = YES;
				CLANG_WARN_CONSTANT_CONVERSION = YES;
				CLANG_WARN_DEPRECATED_OBJC_IMPLEMENTATIONS = YES;
				CLANG_WARN_DIRECT_OBJC_ISA_USAGE = YES_ERROR;
				CLANG_WARN_DOCUMENTATION_COMMENTS = YES;
				CLANG_WARN_EMPTY_BODY = YES;
				CLANG_WARN_ENUM_CONVERSION = YES;
				CLANG_WARN_INFINITE_RECURSION = YES;
				CLANG_WARN_INT_CONVERSION = YES;
				CLANG_WARN_NON_LITERAL_NULL_CONVERSION = YES;
				CLANG_WARN_OBJC_IMPLICIT_RETAIN_SELF = YES;
				CLANG_WARN_OBJC_LITERAL_CONVERSION = YES;
				CLANG_WARN_OBJC_ROOT_CLASS = YES_ERROR;
				CLANG_WARN_QUOTED_INCLUDE_IN_FRAMEWORK_HEADER = YES;
				CLANG_WARN_RANGE_LOOP_ANALYSIS = YES;
				CLANG_WARN_STRICT_PROTOTYPES = YES;
				CLANG_WARN_SUSPICIOUS_MOVE = YES;
				CLANG_WARN_UNGUARDED_AVAILABILITY = YES_AGGRESSIVE;
				CLANG_WARN_UNREACHABLE_CODE = YES;
				CLANG_WARN__DUPLICATE_METHOD_MATCH = YES;
				"CODE_SIGN_IDENTITY[sdk=macosx*]" = "Apple Development";
				CODE_SIGN_STYLE = Manual;
				CURRENT_PROJECT_VERSION = 1;
				DEVELOPMENT_TEAM = "";
				ENABLE_STRICT_OBJC_MSGSEND = YES;
				ENABLE_TESTABILITY = YES;
				GCC_C_LANGUAGE_STANDARD = gnu11;
				GCC_DYNAMIC_NO_PIC = NO;
				GCC_NO_COMMON_BLOCKS = YES;
				GCC_PREPROCESSOR_DEFINITIONS = (
					"DEBUG=1",
					"$(inherited)",
				);
				GCC_WARN_64_TO_32_BIT_CONVERSION = YES;
				GCC_WARN_ABOUT_RETURN_TYPE = YES_ERROR;
				GCC_WARN_UNDECLARED_SELECTOR = YES;
				GCC_WARN_UNINITIALIZED_AUTOS = YES_AGGRESSIVE;
				GCC_WARN_UNUSED_FUNCTION = YES;
				GCC_WARN_UNUSED_VARIABLE = YES;
				GENERATE_INFOPLIST_FILE = YES;
				INFOPLIST_FILE = TestKitDemo/Info.plist;
				INFOPLIST_KEY_UIApplicationSupportsIndirectInputEvents = YES;
				INFOPLIST_KEY_UILaunchStoryboardName = LaunchScreen;
				INFOPLIST_KEY_UIMainStoryboardFile = Main;
				INFOPLIST_KEY_UISupportedInterfaceOrientations_iPad = "UIInterfaceOrientationPortrait UIInterfaceOrientationPortraitUpsideDown UIInterfaceOrientationLandscapeLeft UIInterfaceOrientationLandscapeRight";
				INFOPLIST_KEY_UISupportedInterfaceOrientations_iPhone = "UIInterfaceOrientationPortrait UIInterfaceOrientationLandscapeLeft UIInterfaceOrientationLandscapeRight";
				IPHONEOS_DEPLOYMENT_TARGET = 14.0;
				LD_RUNPATH_SEARCH_PATHS = "$(inherited) @executable_path/Frameworks";
				MARKETING_VERSION = 1.0;
				MTL_ENABLE_DEBUG_INFO = INCLUDE_SOURCE;
				MTL_FAST_MATH = YES;
				PRODUCT_BUNDLE_IDENTIFIER = "fr.lbc.-.TestKitDemo";
				PRODUCT_NAME = "$(TARGET_NAME)";
				PROVISIONING_PROFILE_SPECIFIER = "";
				"PROVISIONING_PROFILE_SPECIFIER[sdk=macosx*]" = "";
				SDKROOT = iphoneos;
				SWIFT_ACTIVE_COMPILATION_CONDITIONS = DEBUG;
				SWIFT_EMIT_LOC_STRINGS = YES;
				SWIFT_VERSION = 5.0;
				TARGETED_DEVICE_FAMILY = "1,2";
			};
			name = Debug;
		};
		8E21764D2868E143008DD163 /* Release */ = {
			isa = XCBuildConfiguration;
			buildSettings = {
				ALWAYS_SEARCH_USER_PATHS = NO;
				ASSETCATALOG_COMPILER_APPICON_NAME = AppIcon;
				ASSETCATALOG_COMPILER_GLOBAL_ACCENT_COLOR_NAME = AccentColor;
				CLANG_ANALYZER_NONNULL = YES;
				CLANG_ANALYZER_NUMBER_OBJECT_CONVERSION = YES_AGGRESSIVE;
				CLANG_CXX_LANGUAGE_STANDARD = "gnu++17";
				CLANG_ENABLE_MODULES = YES;
				CLANG_ENABLE_OBJC_WEAK = YES;
				CLANG_WARN_BLOCK_CAPTURE_AUTORELEASING = YES;
				CLANG_WARN_BOOL_CONVERSION = YES;
				CLANG_WARN_COMMA = YES;
				CLANG_WARN_CONSTANT_CONVERSION = YES;
				CLANG_WARN_DEPRECATED_OBJC_IMPLEMENTATIONS = YES;
				CLANG_WARN_DIRECT_OBJC_ISA_USAGE = YES_ERROR;
				CLANG_WARN_DOCUMENTATION_COMMENTS = YES;
				CLANG_WARN_EMPTY_BODY = YES;
				CLANG_WARN_ENUM_CONVERSION = YES;
				CLANG_WARN_INFINITE_RECURSION = YES;
				CLANG_WARN_INT_CONVERSION = YES;
				CLANG_WARN_NON_LITERAL_NULL_CONVERSION = YES;
				CLANG_WARN_OBJC_IMPLICIT_RETAIN_SELF = YES;
				CLANG_WARN_OBJC_LITERAL_CONVERSION = YES;
				CLANG_WARN_OBJC_ROOT_CLASS = YES_ERROR;
				CLANG_WARN_QUOTED_INCLUDE_IN_FRAMEWORK_HEADER = YES;
				CLANG_WARN_RANGE_LOOP_ANALYSIS = YES;
				CLANG_WARN_STRICT_PROTOTYPES = YES;
				CLANG_WARN_SUSPICIOUS_MOVE = YES;
				CLANG_WARN_UNGUARDED_AVAILABILITY = YES_AGGRESSIVE;
				CLANG_WARN_UNREACHABLE_CODE = YES;
				CLANG_WARN__DUPLICATE_METHOD_MATCH = YES;
				"CODE_SIGN_IDENTITY[sdk=macosx*]" = "Apple Development";
				CODE_SIGN_STYLE = Manual;
				COPY_PHASE_STRIP = NO;
				CURRENT_PROJECT_VERSION = 1;
				DEVELOPMENT_TEAM = "";
				ENABLE_NS_ASSERTIONS = NO;
				ENABLE_STRICT_OBJC_MSGSEND = YES;
				GCC_C_LANGUAGE_STANDARD = gnu11;
				GCC_NO_COMMON_BLOCKS = YES;
				GCC_WARN_64_TO_32_BIT_CONVERSION = YES;
				GCC_WARN_ABOUT_RETURN_TYPE = YES_ERROR;
				GCC_WARN_UNDECLARED_SELECTOR = YES;
				GCC_WARN_UNINITIALIZED_AUTOS = YES_AGGRESSIVE;
				GCC_WARN_UNUSED_FUNCTION = YES;
				GCC_WARN_UNUSED_VARIABLE = YES;
				GENERATE_INFOPLIST_FILE = YES;
				INFOPLIST_FILE = TestKitDemo/Info.plist;
				INFOPLIST_KEY_UIApplicationSupportsIndirectInputEvents = YES;
				INFOPLIST_KEY_UILaunchStoryboardName = LaunchScreen;
				INFOPLIST_KEY_UIMainStoryboardFile = Main;
				INFOPLIST_KEY_UISupportedInterfaceOrientations_iPad = "UIInterfaceOrientationPortrait UIInterfaceOrientationPortraitUpsideDown UIInterfaceOrientationLandscapeLeft UIInterfaceOrientationLandscapeRight";
				INFOPLIST_KEY_UISupportedInterfaceOrientations_iPhone = "UIInterfaceOrientationPortrait UIInterfaceOrientationLandscapeLeft UIInterfaceOrientationLandscapeRight";
				IPHONEOS_DEPLOYMENT_TARGET = 14.0;
				LD_RUNPATH_SEARCH_PATHS = "$(inherited) @executable_path/Frameworks";
				MARKETING_VERSION = 1.0;
				MTL_ENABLE_DEBUG_INFO = NO;
				MTL_FAST_MATH = YES;
				PRODUCT_BUNDLE_IDENTIFIER = "fr.lbc.-.TestKitDemo";
				PRODUCT_NAME = "$(TARGET_NAME)";
				PROVISIONING_PROFILE_SPECIFIER = "";
				"PROVISIONING_PROFILE_SPECIFIER[sdk=macosx*]" = "";
				SDKROOT = iphoneos;
				SWIFT_EMIT_LOC_STRINGS = YES;
				SWIFT_VERSION = 5.0;
				TARGETED_DEVICE_FAMILY = "1,2";
				VALIDATE_PRODUCT = YES;
			};
			name = Release;
		};
		8E2176522868E143008DD163 /* Debug */ = {
			isa = XCBuildConfiguration;
			buildSettings = {
				ALWAYS_EMBED_SWIFT_STANDARD_LIBRARIES = YES;
				ALWAYS_SEARCH_USER_PATHS = NO;
				CLANG_ANALYZER_NONNULL = YES;
				CLANG_ANALYZER_NUMBER_OBJECT_CONVERSION = YES_AGGRESSIVE;
				CLANG_CXX_LANGUAGE_STANDARD = "gnu++17";
				CLANG_ENABLE_MODULES = YES;
				CLANG_ENABLE_OBJC_WEAK = YES;
				CLANG_WARN_BLOCK_CAPTURE_AUTORELEASING = YES;
				CLANG_WARN_BOOL_CONVERSION = YES;
				CLANG_WARN_COMMA = YES;
				CLANG_WARN_CONSTANT_CONVERSION = YES;
				CLANG_WARN_DEPRECATED_OBJC_IMPLEMENTATIONS = YES;
				CLANG_WARN_DIRECT_OBJC_ISA_USAGE = YES_ERROR;
				CLANG_WARN_DOCUMENTATION_COMMENTS = YES;
				CLANG_WARN_EMPTY_BODY = YES;
				CLANG_WARN_ENUM_CONVERSION = YES;
				CLANG_WARN_INFINITE_RECURSION = YES;
				CLANG_WARN_INT_CONVERSION = YES;
				CLANG_WARN_NON_LITERAL_NULL_CONVERSION = YES;
				CLANG_WARN_OBJC_IMPLICIT_RETAIN_SELF = YES;
				CLANG_WARN_OBJC_LITERAL_CONVERSION = YES;
				CLANG_WARN_OBJC_ROOT_CLASS = YES_ERROR;
				CLANG_WARN_QUOTED_INCLUDE_IN_FRAMEWORK_HEADER = YES;
				CLANG_WARN_RANGE_LOOP_ANALYSIS = YES;
				CLANG_WARN_STRICT_PROTOTYPES = YES;
				CLANG_WARN_SUSPICIOUS_MOVE = YES;
				CLANG_WARN_UNGUARDED_AVAILABILITY = YES_AGGRESSIVE;
				CLANG_WARN_UNREACHABLE_CODE = YES;
				CLANG_WARN__DUPLICATE_METHOD_MATCH = YES;
				CODE_SIGN_STYLE = Manual;
				CURRENT_PROJECT_VERSION = 1;
				DEVELOPMENT_TEAM = "";
				ENABLE_STRICT_OBJC_MSGSEND = YES;
				ENABLE_TESTABILITY = YES;
				GCC_C_LANGUAGE_STANDARD = gnu11;
				GCC_DYNAMIC_NO_PIC = NO;
				GCC_NO_COMMON_BLOCKS = YES;
				GCC_PREPROCESSOR_DEFINITIONS = (
					"DEBUG=1",
					"$(inherited)",
				);
				GCC_WARN_64_TO_32_BIT_CONVERSION = YES;
				GCC_WARN_ABOUT_RETURN_TYPE = YES_ERROR;
				GCC_WARN_UNDECLARED_SELECTOR = YES;
				GCC_WARN_UNINITIALIZED_AUTOS = YES_AGGRESSIVE;
				GCC_WARN_UNUSED_FUNCTION = YES;
				GCC_WARN_UNUSED_VARIABLE = YES;
				GENERATE_INFOPLIST_FILE = YES;
				IPHONEOS_DEPLOYMENT_TARGET = 14.0;
				MARKETING_VERSION = 1.0;
				MTL_ENABLE_DEBUG_INFO = INCLUDE_SOURCE;
				MTL_FAST_MATH = YES;
				PRODUCT_BUNDLE_IDENTIFIER = "fr.lbc.-.TestKitDemoUITests";
				PRODUCT_NAME = "$(TARGET_NAME)";
				PROVISIONING_PROFILE_SPECIFIER = "";
				SDKROOT = iphoneos;
				SWIFT_ACTIVE_COMPILATION_CONDITIONS = DEBUG;
				SWIFT_EMIT_LOC_STRINGS = NO;
				SWIFT_VERSION = 5.0;
				TARGETED_DEVICE_FAMILY = "1,2";
				TEST_TARGET_NAME = TestKitDemo;
			};
			name = Debug;
		};
		8E2176532868E143008DD163 /* Release */ = {
			isa = XCBuildConfiguration;
			buildSettings = {
				ALWAYS_EMBED_SWIFT_STANDARD_LIBRARIES = YES;
				ALWAYS_SEARCH_USER_PATHS = NO;
				CLANG_ANALYZER_NONNULL = YES;
				CLANG_ANALYZER_NUMBER_OBJECT_CONVERSION = YES_AGGRESSIVE;
				CLANG_CXX_LANGUAGE_STANDARD = "gnu++17";
				CLANG_ENABLE_MODULES = YES;
				CLANG_ENABLE_OBJC_WEAK = YES;
				CLANG_WARN_BLOCK_CAPTURE_AUTORELEASING = YES;
				CLANG_WARN_BOOL_CONVERSION = YES;
				CLANG_WARN_COMMA = YES;
				CLANG_WARN_CONSTANT_CONVERSION = YES;
				CLANG_WARN_DEPRECATED_OBJC_IMPLEMENTATIONS = YES;
				CLANG_WARN_DIRECT_OBJC_ISA_USAGE = YES_ERROR;
				CLANG_WARN_DOCUMENTATION_COMMENTS = YES;
				CLANG_WARN_EMPTY_BODY = YES;
				CLANG_WARN_ENUM_CONVERSION = YES;
				CLANG_WARN_INFINITE_RECURSION = YES;
				CLANG_WARN_INT_CONVERSION = YES;
				CLANG_WARN_NON_LITERAL_NULL_CONVERSION = YES;
				CLANG_WARN_OBJC_IMPLICIT_RETAIN_SELF = YES;
				CLANG_WARN_OBJC_LITERAL_CONVERSION = YES;
				CLANG_WARN_OBJC_ROOT_CLASS = YES_ERROR;
				CLANG_WARN_QUOTED_INCLUDE_IN_FRAMEWORK_HEADER = YES;
				CLANG_WARN_RANGE_LOOP_ANALYSIS = YES;
				CLANG_WARN_STRICT_PROTOTYPES = YES;
				CLANG_WARN_SUSPICIOUS_MOVE = YES;
				CLANG_WARN_UNGUARDED_AVAILABILITY = YES_AGGRESSIVE;
				CLANG_WARN_UNREACHABLE_CODE = YES;
				CLANG_WARN__DUPLICATE_METHOD_MATCH = YES;
				CODE_SIGN_STYLE = Manual;
				COPY_PHASE_STRIP = NO;
				CURRENT_PROJECT_VERSION = 1;
				DEVELOPMENT_TEAM = "";
				ENABLE_NS_ASSERTIONS = NO;
				ENABLE_STRICT_OBJC_MSGSEND = YES;
				GCC_C_LANGUAGE_STANDARD = gnu11;
				GCC_NO_COMMON_BLOCKS = YES;
				GCC_WARN_64_TO_32_BIT_CONVERSION = YES;
				GCC_WARN_ABOUT_RETURN_TYPE = YES_ERROR;
				GCC_WARN_UNDECLARED_SELECTOR = YES;
				GCC_WARN_UNINITIALIZED_AUTOS = YES_AGGRESSIVE;
				GCC_WARN_UNUSED_FUNCTION = YES;
				GCC_WARN_UNUSED_VARIABLE = YES;
				GENERATE_INFOPLIST_FILE = YES;
				IPHONEOS_DEPLOYMENT_TARGET = 14.0;
				MARKETING_VERSION = 1.0;
				MTL_ENABLE_DEBUG_INFO = NO;
				MTL_FAST_MATH = YES;
				PRODUCT_BUNDLE_IDENTIFIER = "fr.lbc.-.TestKitDemoUITests";
				PRODUCT_NAME = "$(TARGET_NAME)";
				PROVISIONING_PROFILE_SPECIFIER = "";
				SDKROOT = iphoneos;
				SWIFT_EMIT_LOC_STRINGS = NO;
				SWIFT_VERSION = 5.0;
				TARGETED_DEVICE_FAMILY = "1,2";
				TEST_TARGET_NAME = TestKitDemo;
				VALIDATE_PRODUCT = YES;
			};
			name = Release;
		};
		OBJ_139 /* Debug */ = {
			isa = XCBuildConfiguration;
			buildSettings = {
				LD = /usr/bin/true;
				OTHER_SWIFT_FLAGS = "-swift-version 5 -I $(TOOLCHAIN_DIR)/usr/lib/swift/pm/ManifestAPI -sdk /Applications/Xcode.app/Contents/Developer/Platforms/MacOSX.platform/Developer/SDKs/MacOSX12.3.sdk -package-description-version 5.6.0";
				SWIFT_VERSION = 5.0;
			};
			name = Debug;
		};
		OBJ_140 /* Release */ = {
			isa = XCBuildConfiguration;
			buildSettings = {
				LD = /usr/bin/true;
				OTHER_SWIFT_FLAGS = "-swift-version 5 -I $(TOOLCHAIN_DIR)/usr/lib/swift/pm/ManifestAPI -sdk /Applications/Xcode.app/Contents/Developer/Platforms/MacOSX.platform/Developer/SDKs/MacOSX12.3.sdk -package-description-version 5.6.0";
				SWIFT_VERSION = 5.0;
			};
			name = Release;
		};
		OBJ_145 /* Debug */ = {
			isa = XCBuildConfiguration;
			buildSettings = {
			};
			name = Debug;
		};
		OBJ_146 /* Release */ = {
			isa = XCBuildConfiguration;
			buildSettings = {
			};
			name = Release;
		};
		OBJ_150 /* Debug */ = {
			isa = XCBuildConfiguration;
			buildSettings = {
				CLANG_ENABLE_MODULES = YES;
				CURRENT_PROJECT_VERSION = 1;
				DRIVERKIT_DEPLOYMENT_TARGET = 19.0;
				EMBEDDED_CONTENT_CONTAINS_SWIFT = YES;
				FRAMEWORK_SEARCH_PATHS = (
					"$(inherited)",
					"$(PLATFORM_DIR)/Developer/Library/Frameworks",
				);
				HEADER_SEARCH_PATHS = "$(inherited)";
				INFOPLIST_FILE = TestKit.xcodeproj/TestKitTests_Info.plist;
				IPHONEOS_DEPLOYMENT_TARGET = 15.2;
				LD_RUNPATH_SEARCH_PATHS = "$(inherited) @loader_path/../Frameworks @loader_path/Frameworks";
				MACOSX_DEPLOYMENT_TARGET = 11.0;
				OTHER_CFLAGS = "$(inherited)";
				OTHER_LDFLAGS = "$(inherited)";
				OTHER_SWIFT_FLAGS = "$(inherited)";
				SWIFT_ACTIVE_COMPILATION_CONDITIONS = "$(inherited)";
				SWIFT_VERSION = 5.0;
				TARGET_NAME = TestKitTests;
				TVOS_DEPLOYMENT_TARGET = 14.0;
				WATCHOS_DEPLOYMENT_TARGET = 7.0;
			};
			name = Debug;
		};
		OBJ_151 /* Release */ = {
			isa = XCBuildConfiguration;
			buildSettings = {
				CLANG_ENABLE_MODULES = YES;
				CURRENT_PROJECT_VERSION = 1;
				DRIVERKIT_DEPLOYMENT_TARGET = 19.0;
				EMBEDDED_CONTENT_CONTAINS_SWIFT = YES;
				FRAMEWORK_SEARCH_PATHS = (
					"$(inherited)",
					"$(PLATFORM_DIR)/Developer/Library/Frameworks",
				);
				HEADER_SEARCH_PATHS = "$(inherited)";
				INFOPLIST_FILE = TestKit.xcodeproj/TestKitTests_Info.plist;
				IPHONEOS_DEPLOYMENT_TARGET = 15.2;
				LD_RUNPATH_SEARCH_PATHS = "$(inherited) @loader_path/../Frameworks @loader_path/Frameworks";
				MACOSX_DEPLOYMENT_TARGET = 11.0;
				OTHER_CFLAGS = "$(inherited)";
				OTHER_LDFLAGS = "$(inherited)";
				OTHER_SWIFT_FLAGS = "$(inherited)";
				SWIFT_ACTIVE_COMPILATION_CONDITIONS = "$(inherited)";
				SWIFT_VERSION = 5.0;
				TARGET_NAME = TestKitTests;
				TVOS_DEPLOYMENT_TARGET = 14.0;
				WATCHOS_DEPLOYMENT_TARGET = 7.0;
			};
			name = Release;
		};
		OBJ_3 /* Debug */ = {
			isa = XCBuildConfiguration;
			buildSettings = {
				CLANG_ENABLE_OBJC_ARC = YES;
				COMBINE_HIDPI_IMAGES = YES;
				COPY_PHASE_STRIP = NO;
				DEBUG_INFORMATION_FORMAT = dwarf;
				DYLIB_INSTALL_NAME_BASE = "@rpath";
				ENABLE_NS_ASSERTIONS = YES;
				GCC_OPTIMIZATION_LEVEL = 0;
				GCC_PREPROCESSOR_DEFINITIONS = (
					"$(inherited)",
					"SWIFT_PACKAGE=1",
					"DEBUG=1",
				);
				IPHONEOS_DEPLOYMENT_TARGET = 14.0;
				MACOSX_DEPLOYMENT_TARGET = 10.10;
				ONLY_ACTIVE_ARCH = YES;
				OTHER_SWIFT_FLAGS = "$(inherited) -DXcode";
				PRODUCT_NAME = "$(TARGET_NAME)";
				SDKROOT = iphoneos;
				SUPPORTED_PLATFORMS = "iphonesimulator iphoneos";
				SUPPORTS_MACCATALYST = NO;
				SWIFT_ACTIVE_COMPILATION_CONDITIONS = "$(inherited) SWIFT_PACKAGE DEBUG";
				SWIFT_OPTIMIZATION_LEVEL = "-Onone";
				USE_HEADERMAP = NO;
			};
			name = Debug;
		};
		OBJ_4 /* Release */ = {
			isa = XCBuildConfiguration;
			buildSettings = {
				CLANG_ENABLE_OBJC_ARC = YES;
				COMBINE_HIDPI_IMAGES = YES;
				COPY_PHASE_STRIP = YES;
				DEBUG_INFORMATION_FORMAT = "dwarf-with-dsym";
				DYLIB_INSTALL_NAME_BASE = "@rpath";
				GCC_OPTIMIZATION_LEVEL = s;
				GCC_PREPROCESSOR_DEFINITIONS = (
					"$(inherited)",
					"SWIFT_PACKAGE=1",
				);
				IPHONEOS_DEPLOYMENT_TARGET = 14.0;
				MACOSX_DEPLOYMENT_TARGET = 10.10;
				OTHER_SWIFT_FLAGS = "$(inherited) -DXcode";
				PRODUCT_NAME = "$(TARGET_NAME)";
				SDKROOT = iphoneos;
				SUPPORTED_PLATFORMS = "iphonesimulator iphoneos";
				SUPPORTS_MACCATALYST = NO;
				SWIFT_ACTIVE_COMPILATION_CONDITIONS = "$(inherited) SWIFT_PACKAGE";
				SWIFT_OPTIMIZATION_LEVEL = "-Owholemodule";
				USE_HEADERMAP = NO;
			};
			name = Release;
		};
		OBJ_79 /* Debug */ = {
			isa = XCBuildConfiguration;
			buildSettings = {
				CURRENT_PROJECT_VERSION = 1;
				DRIVERKIT_DEPLOYMENT_TARGET = 19.0;
				ENABLE_TESTABILITY = YES;
				FRAMEWORK_SEARCH_PATHS = (
					"$(inherited)",
					"$(PLATFORM_DIR)/Developer/Library/Frameworks",
				);
				HEADER_SEARCH_PATHS = "$(inherited)";
				INFOPLIST_FILE = TestKit.xcodeproj/TestKit_Info.plist;
				IPHONEOS_DEPLOYMENT_TARGET = 14.0;
				LD_RUNPATH_SEARCH_PATHS = "$(inherited) $(TOOLCHAIN_DIR)/usr/lib/swift/macosx";
				MACOSX_DEPLOYMENT_TARGET = 10.10;
				OTHER_CFLAGS = "$(inherited)";
				OTHER_LDFLAGS = (
					"-weak_framework",
					XCTest,
				);
				OTHER_SWIFT_FLAGS = "$(inherited)";
				PRODUCT_BUNDLE_IDENTIFIER = TestKit;
				PRODUCT_MODULE_NAME = "$(TARGET_NAME:c99extidentifier)";
				PRODUCT_NAME = "$(TARGET_NAME:c99extidentifier)";
				SKIP_INSTALL = YES;
				SUPPORTED_PLATFORMS = "iphonesimulator iphoneos";
				SWIFT_ACTIVE_COMPILATION_CONDITIONS = "$(inherited)";
				SWIFT_VERSION = 5.0;
				TARGET_NAME = TestKit;
				TVOS_DEPLOYMENT_TARGET = 9.0;
				WATCHOS_DEPLOYMENT_TARGET = 2.0;
			};
			name = Debug;
		};
		OBJ_80 /* Release */ = {
			isa = XCBuildConfiguration;
			buildSettings = {
				CURRENT_PROJECT_VERSION = 1;
				DRIVERKIT_DEPLOYMENT_TARGET = 19.0;
				ENABLE_TESTABILITY = YES;
				FRAMEWORK_SEARCH_PATHS = (
					"$(inherited)",
					"$(PLATFORM_DIR)/Developer/Library/Frameworks",
				);
				HEADER_SEARCH_PATHS = "$(inherited)";
				INFOPLIST_FILE = TestKit.xcodeproj/TestKit_Info.plist;
				IPHONEOS_DEPLOYMENT_TARGET = 14.0;
				LD_RUNPATH_SEARCH_PATHS = "$(inherited) $(TOOLCHAIN_DIR)/usr/lib/swift/macosx";
				MACOSX_DEPLOYMENT_TARGET = 10.10;
				OTHER_CFLAGS = "$(inherited)";
				OTHER_LDFLAGS = (
					"-weak_framework",
					XCTest,
				);
				OTHER_SWIFT_FLAGS = "$(inherited)";
				PRODUCT_BUNDLE_IDENTIFIER = TestKit;
				PRODUCT_MODULE_NAME = "$(TARGET_NAME:c99extidentifier)";
				PRODUCT_NAME = "$(TARGET_NAME:c99extidentifier)";
				SKIP_INSTALL = YES;
				SUPPORTED_PLATFORMS = "iphonesimulator iphoneos";
				SWIFT_ACTIVE_COMPILATION_CONDITIONS = "$(inherited)";
				SWIFT_VERSION = 5.0;
				TARGET_NAME = TestKit;
				TVOS_DEPLOYMENT_TARGET = 9.0;
				WATCHOS_DEPLOYMENT_TARGET = 2.0;
			};
			name = Release;
		};
/* End XCBuildConfiguration section */

/* Begin XCConfigurationList section */
		8E21764B2868E143008DD163 /* Build configuration list for PBXNativeTarget "TestKitDemo" */ = {
			isa = XCConfigurationList;
			buildConfigurations = (
				8E21764C2868E143008DD163 /* Debug */,
				8E21764D2868E143008DD163 /* Release */,
			);
			defaultConfigurationIsVisible = 0;
			defaultConfigurationName = Release;
		};
		8E2176512868E143008DD163 /* Build configuration list for PBXNativeTarget "TestKitDemoUITests" */ = {
			isa = XCConfigurationList;
			buildConfigurations = (
				8E2176522868E143008DD163 /* Debug */,
				8E2176532868E143008DD163 /* Release */,
			);
			defaultConfigurationIsVisible = 0;
			defaultConfigurationName = Release;
		};
		OBJ_138 /* Build configuration list for PBXNativeTarget "TestKitPackageDescription" */ = {
			isa = XCConfigurationList;
			buildConfigurations = (
				OBJ_139 /* Debug */,
				OBJ_140 /* Release */,
			);
			defaultConfigurationIsVisible = 0;
			defaultConfigurationName = Release;
		};
		OBJ_144 /* Build configuration list for PBXAggregateTarget "TestKitPackageTests" */ = {
			isa = XCConfigurationList;
			buildConfigurations = (
				OBJ_145 /* Debug */,
				OBJ_146 /* Release */,
			);
			defaultConfigurationIsVisible = 0;
			defaultConfigurationName = Release;
		};
		OBJ_149 /* Build configuration list for PBXNativeTarget "TestKitTests" */ = {
			isa = XCConfigurationList;
			buildConfigurations = (
				OBJ_150 /* Debug */,
				OBJ_151 /* Release */,
			);
			defaultConfigurationIsVisible = 0;
			defaultConfigurationName = Release;
		};
		OBJ_2 /* Build configuration list for PBXProject "TestKit" */ = {
			isa = XCConfigurationList;
			buildConfigurations = (
				OBJ_3 /* Debug */,
				OBJ_4 /* Release */,
			);
			defaultConfigurationIsVisible = 0;
			defaultConfigurationName = Release;
		};
		OBJ_78 /* Build configuration list for PBXNativeTarget "TestKit" */ = {
			isa = XCConfigurationList;
			buildConfigurations = (
				OBJ_79 /* Debug */,
				OBJ_80 /* Release */,
			);
			defaultConfigurationIsVisible = 0;
			defaultConfigurationName = Release;
		};
/* End XCConfigurationList section */
	};
	rootObject = OBJ_1 /* Project object */;
}
